// !$*UTF8*$!
{
	archiveVersion = 1;
	classes = {
	};
	objectVersion = 51;
	objects = {

/* Begin PBXBuildFile section */
		1452112C2311DDCB007843E1 /* AppDelegate.swift in Sources */ = {isa = PBXBuildFile; fileRef = 1452112B2311DDCB007843E1 /* AppDelegate.swift */; };
		1452112E2311DDCB007843E1 /* ViewController.swift in Sources */ = {isa = PBXBuildFile; fileRef = 1452112D2311DDCB007843E1 /* ViewController.swift */; };
		145211312311DDCB007843E1 /* Login.storyboard in Resources */ = {isa = PBXBuildFile; fileRef = 1452112F2311DDCB007843E1 /* Login.storyboard */; };
		145211332311DDCE007843E1 /* Assets.xcassets in Resources */ = {isa = PBXBuildFile; fileRef = 145211322311DDCE007843E1 /* Assets.xcassets */; };
		145211362311DDCE007843E1 /* LaunchScreen.storyboard in Resources */ = {isa = PBXBuildFile; fileRef = 145211342311DDCE007843E1 /* LaunchScreen.storyboard */; };
		145211412311DDCE007843E1 /* desafios_iddogTests.swift in Sources */ = {isa = PBXBuildFile; fileRef = 145211402311DDCE007843E1 /* desafios_iddogTests.swift */; };
		1452114C2311DDCE007843E1 /* desafios_iddogUITests.swift in Sources */ = {isa = PBXBuildFile; fileRef = 1452114B2311DDCE007843E1 /* desafios_iddogUITests.swift */; };
		14521162231203FC007843E1 /* LoginViewModel.swift in Sources */ = {isa = PBXBuildFile; fileRef = 14521161231203FC007843E1 /* LoginViewModel.swift */; };
		1452116623121548007843E1 /* ApiRouter.swift in Sources */ = {isa = PBXBuildFile; fileRef = 1452116523121548007843E1 /* ApiRouter.swift */; };
		14521169231218A8007843E1 /* LoginViewController.swift in Sources */ = {isa = PBXBuildFile; fileRef = 14521168231218A8007843E1 /* LoginViewController.swift */; };
		14521170231376EE007843E1 /* DogGalleryViewController.swift in Sources */ = {isa = PBXBuildFile; fileRef = 1452116F231376EE007843E1 /* DogGalleryViewController.swift */; };
		145211812314A9B8007843E1 /* Coordinator.swift in Sources */ = {isa = PBXBuildFile; fileRef = 145211802314A9B8007843E1 /* Coordinator.swift */; };
		145211832314A9D5007843E1 /* Storyboarded.swift in Sources */ = {isa = PBXBuildFile; fileRef = 145211822314A9D5007843E1 /* Storyboarded.swift */; };
		145211852314AB92007843E1 /* MainCoordinator.swift in Sources */ = {isa = PBXBuildFile; fileRef = 145211842314AB92007843E1 /* MainCoordinator.swift */; };
		1452118B2314C388007843E1 /* DogsCategory.swift in Sources */ = {isa = PBXBuildFile; fileRef = 1452118A2314C388007843E1 /* DogsCategory.swift */; };
		1452118D2314C717007843E1 /* User.swift in Sources */ = {isa = PBXBuildFile; fileRef = 1452118C2314C717007843E1 /* User.swift */; };
		145211972314E3F2007843E1 /* Errors.swift in Sources */ = {isa = PBXBuildFile; fileRef = 145211962314E3F2007843E1 /* Errors.swift */; };
		145211992314E43D007843E1 /* ErrorHandler.swift in Sources */ = {isa = PBXBuildFile; fileRef = 145211982314E43D007843E1 /* ErrorHandler.swift */; };
		1452119E2314EAF7007843E1 /* Identifiable.swift in Sources */ = {isa = PBXBuildFile; fileRef = 1452119D2314EAF7007843E1 /* Identifiable.swift */; };
		145211A12314ECAA007843E1 /* DogListViewModel.swift in Sources */ = {isa = PBXBuildFile; fileRef = 145211A02314ECAA007843E1 /* DogListViewModel.swift */; };
		145211A32314EE84007843E1 /* DogListService.swift in Sources */ = {isa = PBXBuildFile; fileRef = 145211A22314EE84007843E1 /* DogListService.swift */; };
		145211A72314F42B007843E1 /* ChallengeReachability.swift in Sources */ = {isa = PBXBuildFile; fileRef = 145211A62314F42B007843E1 /* ChallengeReachability.swift */; };
		145211A92314F456007843E1 /* Reachability+Extensions.swift in Sources */ = {isa = PBXBuildFile; fileRef = 145211A82314F456007843E1 /* Reachability+Extensions.swift */; };
		145211AD2314F73C007843E1 /* UICollectionView+Extensions.swift in Sources */ = {isa = PBXBuildFile; fileRef = 145211AC2314F73C007843E1 /* UICollectionView+Extensions.swift */; };
		145211AF2314F779007843E1 /* UIImageView+Extensions.swift in Sources */ = {isa = PBXBuildFile; fileRef = 145211AE2314F779007843E1 /* UIImageView+Extensions.swift */; };
		145211B12314FA06007843E1 /* DogCollectionViewCell.swift in Sources */ = {isa = PBXBuildFile; fileRef = 145211B02314FA06007843E1 /* DogCollectionViewCell.swift */; };
		145211B32314FA58007843E1 /* DogViewModel.swift in Sources */ = {isa = PBXBuildFile; fileRef = 145211B22314FA58007843E1 /* DogViewModel.swift */; };
		145211B52314FED0007843E1 /* DogLoadingCollectionViewCell.swift in Sources */ = {isa = PBXBuildFile; fileRef = 145211B42314FED0007843E1 /* DogLoadingCollectionViewCell.swift */; };
		145211B72314FF1F007843E1 /* UIColor+Extensions.swift in Sources */ = {isa = PBXBuildFile; fileRef = 145211B62314FF1F007843E1 /* UIColor+Extensions.swift */; };
		145211C12315F3E8007843E1 /* DogsSelectorViewModel.swift in Sources */ = {isa = PBXBuildFile; fileRef = 145211C02315F3E8007843E1 /* DogsSelectorViewModel.swift */; };
		145211C42315F9F5007843E1 /* DogsSelectorViewController.swift in Sources */ = {isa = PBXBuildFile; fileRef = 145211C32315F9F5007843E1 /* DogsSelectorViewController.swift */; };
		145211C72316130D007843E1 /* DogDetailViewController.swift in Sources */ = {isa = PBXBuildFile; fileRef = 145211C62316130D007843E1 /* DogDetailViewController.swift */; };
		145211C923161B73007843E1 /* SingUpService.swift in Sources */ = {isa = PBXBuildFile; fileRef = 145211C823161B73007843E1 /* SingUpService.swift */; };
		6EB00C16BF25AB187B2B6828 /* Pods_desafios_iddog.framework in Frameworks */ = {isa = PBXBuildFile; fileRef = 60B0FB9831885971E3A054BD /* Pods_desafios_iddog.framework */; };
		B1C30571F08DD539DEAEFD19 /* Pods_desafios_iddog_desafios_iddogTests.framework in Frameworks */ = {isa = PBXBuildFile; fileRef = 46FEBD47130A4ECCE8C1D342 /* Pods_desafios_iddog_desafios_iddogTests.framework */; };
		C5A76857FF062CECA9C577F0 /* Pods_desafios_iddog_desafios_iddogUITests.framework in Frameworks */ = {isa = PBXBuildFile; fileRef = 9423BAEE8A0F3917004AD80D /* Pods_desafios_iddog_desafios_iddogUITests.framework */; };
/* End PBXBuildFile section */

/* Begin PBXContainerItemProxy section */
		1452113D2311DDCE007843E1 /* PBXContainerItemProxy */ = {
			isa = PBXContainerItemProxy;
			containerPortal = 145211202311DDCB007843E1 /* Project object */;
			proxyType = 1;
			remoteGlobalIDString = 145211272311DDCB007843E1;
			remoteInfo = "desafios-iddog";
		};
		145211482311DDCE007843E1 /* PBXContainerItemProxy */ = {
			isa = PBXContainerItemProxy;
			containerPortal = 145211202311DDCB007843E1 /* Project object */;
			proxyType = 1;
			remoteGlobalIDString = 145211272311DDCB007843E1;
			remoteInfo = "desafios-iddog";
		};
/* End PBXContainerItemProxy section */

/* Begin PBXFileReference section */
		101E507437CBA5E168E40B5F /* Pods-desafios-iddog.debug.xcconfig */ = {isa = PBXFileReference; includeInIndex = 1; lastKnownFileType = text.xcconfig; name = "Pods-desafios-iddog.debug.xcconfig"; path = "Target Support Files/Pods-desafios-iddog/Pods-desafios-iddog.debug.xcconfig"; sourceTree = "<group>"; };
		145211282311DDCB007843E1 /* desafios-iddog.app */ = {isa = PBXFileReference; explicitFileType = wrapper.application; includeInIndex = 0; path = "desafios-iddog.app"; sourceTree = BUILT_PRODUCTS_DIR; };
		1452112B2311DDCB007843E1 /* AppDelegate.swift */ = {isa = PBXFileReference; lastKnownFileType = sourcecode.swift; path = AppDelegate.swift; sourceTree = "<group>"; };
		1452112D2311DDCB007843E1 /* ViewController.swift */ = {isa = PBXFileReference; lastKnownFileType = sourcecode.swift; path = ViewController.swift; sourceTree = "<group>"; };
		145211302311DDCB007843E1 /* Base */ = {isa = PBXFileReference; lastKnownFileType = file.storyboard; name = Base; path = Base.lproj/Login.storyboard; sourceTree = "<group>"; };
		145211322311DDCE007843E1 /* Assets.xcassets */ = {isa = PBXFileReference; lastKnownFileType = folder.assetcatalog; path = Assets.xcassets; sourceTree = "<group>"; };
		145211352311DDCE007843E1 /* Base */ = {isa = PBXFileReference; lastKnownFileType = file.storyboard; name = Base; path = Base.lproj/LaunchScreen.storyboard; sourceTree = "<group>"; };
		145211372311DDCE007843E1 /* Info.plist */ = {isa = PBXFileReference; lastKnownFileType = text.plist.xml; path = Info.plist; sourceTree = "<group>"; };
		1452113C2311DDCE007843E1 /* desafios-iddogTests.xctest */ = {isa = PBXFileReference; explicitFileType = wrapper.cfbundle; includeInIndex = 0; path = "desafios-iddogTests.xctest"; sourceTree = BUILT_PRODUCTS_DIR; };
		145211402311DDCE007843E1 /* desafios_iddogTests.swift */ = {isa = PBXFileReference; lastKnownFileType = sourcecode.swift; path = desafios_iddogTests.swift; sourceTree = "<group>"; };
		145211422311DDCE007843E1 /* Info.plist */ = {isa = PBXFileReference; lastKnownFileType = text.plist.xml; path = Info.plist; sourceTree = "<group>"; };
		145211472311DDCE007843E1 /* desafios-iddogUITests.xctest */ = {isa = PBXFileReference; explicitFileType = wrapper.cfbundle; includeInIndex = 0; path = "desafios-iddogUITests.xctest"; sourceTree = BUILT_PRODUCTS_DIR; };
		1452114B2311DDCE007843E1 /* desafios_iddogUITests.swift */ = {isa = PBXFileReference; lastKnownFileType = sourcecode.swift; path = desafios_iddogUITests.swift; sourceTree = "<group>"; };
		1452114D2311DDCE007843E1 /* Info.plist */ = {isa = PBXFileReference; lastKnownFileType = text.plist.xml; path = Info.plist; sourceTree = "<group>"; };
		14521161231203FC007843E1 /* LoginViewModel.swift */ = {isa = PBXFileReference; lastKnownFileType = sourcecode.swift; path = LoginViewModel.swift; sourceTree = "<group>"; };
		1452116523121548007843E1 /* ApiRouter.swift */ = {isa = PBXFileReference; lastKnownFileType = sourcecode.swift; path = ApiRouter.swift; sourceTree = "<group>"; };
		14521168231218A8007843E1 /* LoginViewController.swift */ = {isa = PBXFileReference; lastKnownFileType = sourcecode.swift; path = LoginViewController.swift; sourceTree = "<group>"; };
		1452116F231376EE007843E1 /* DogGalleryViewController.swift */ = {isa = PBXFileReference; lastKnownFileType = sourcecode.swift; path = DogGalleryViewController.swift; sourceTree = "<group>"; };
		145211802314A9B8007843E1 /* Coordinator.swift */ = {isa = PBXFileReference; lastKnownFileType = sourcecode.swift; path = Coordinator.swift; sourceTree = "<group>"; };
		145211822314A9D5007843E1 /* Storyboarded.swift */ = {isa = PBXFileReference; lastKnownFileType = sourcecode.swift; path = Storyboarded.swift; sourceTree = "<group>"; };
		145211842314AB92007843E1 /* MainCoordinator.swift */ = {isa = PBXFileReference; lastKnownFileType = sourcecode.swift; path = MainCoordinator.swift; sourceTree = "<group>"; };
		1452118A2314C388007843E1 /* DogsCategory.swift */ = {isa = PBXFileReference; lastKnownFileType = sourcecode.swift; path = DogsCategory.swift; sourceTree = "<group>"; };
		1452118C2314C717007843E1 /* User.swift */ = {isa = PBXFileReference; lastKnownFileType = sourcecode.swift; path = User.swift; sourceTree = "<group>"; };
		145211962314E3F2007843E1 /* Errors.swift */ = {isa = PBXFileReference; lastKnownFileType = sourcecode.swift; path = Errors.swift; sourceTree = "<group>"; };
		145211982314E43D007843E1 /* ErrorHandler.swift */ = {isa = PBXFileReference; lastKnownFileType = sourcecode.swift; path = ErrorHandler.swift; sourceTree = "<group>"; };
		1452119D2314EAF7007843E1 /* Identifiable.swift */ = {isa = PBXFileReference; lastKnownFileType = sourcecode.swift; path = Identifiable.swift; sourceTree = "<group>"; };
		145211A02314ECAA007843E1 /* DogListViewModel.swift */ = {isa = PBXFileReference; lastKnownFileType = sourcecode.swift; path = DogListViewModel.swift; sourceTree = "<group>"; };
		145211A22314EE84007843E1 /* DogListService.swift */ = {isa = PBXFileReference; lastKnownFileType = sourcecode.swift; path = DogListService.swift; sourceTree = "<group>"; };
		145211A62314F42B007843E1 /* ChallengeReachability.swift */ = {isa = PBXFileReference; fileEncoding = 4; lastKnownFileType = sourcecode.swift; path = ChallengeReachability.swift; sourceTree = "<group>"; };
		145211A82314F456007843E1 /* Reachability+Extensions.swift */ = {isa = PBXFileReference; lastKnownFileType = sourcecode.swift; path = "Reachability+Extensions.swift"; sourceTree = "<group>"; };
		145211AC2314F73C007843E1 /* UICollectionView+Extensions.swift */ = {isa = PBXFileReference; fileEncoding = 4; lastKnownFileType = sourcecode.swift; path = "UICollectionView+Extensions.swift"; sourceTree = "<group>"; };
		145211AE2314F779007843E1 /* UIImageView+Extensions.swift */ = {isa = PBXFileReference; lastKnownFileType = sourcecode.swift; path = "UIImageView+Extensions.swift"; sourceTree = "<group>"; };
		145211B02314FA06007843E1 /* DogCollectionViewCell.swift */ = {isa = PBXFileReference; lastKnownFileType = sourcecode.swift; path = DogCollectionViewCell.swift; sourceTree = "<group>"; };
		145211B22314FA58007843E1 /* DogViewModel.swift */ = {isa = PBXFileReference; lastKnownFileType = sourcecode.swift; path = DogViewModel.swift; sourceTree = "<group>"; };
		145211B42314FED0007843E1 /* DogLoadingCollectionViewCell.swift */ = {isa = PBXFileReference; lastKnownFileType = sourcecode.swift; path = DogLoadingCollectionViewCell.swift; sourceTree = "<group>"; };
		145211B62314FF1F007843E1 /* UIColor+Extensions.swift */ = {isa = PBXFileReference; lastKnownFileType = sourcecode.swift; path = "UIColor+Extensions.swift"; sourceTree = "<group>"; };
		145211C02315F3E8007843E1 /* DogsSelectorViewModel.swift */ = {isa = PBXFileReference; lastKnownFileType = sourcecode.swift; path = DogsSelectorViewModel.swift; sourceTree = "<group>"; };
		145211C32315F9F5007843E1 /* DogsSelectorViewController.swift */ = {isa = PBXFileReference; lastKnownFileType = sourcecode.swift; path = DogsSelectorViewController.swift; sourceTree = "<group>"; };
		145211C62316130D007843E1 /* DogDetailViewController.swift */ = {isa = PBXFileReference; lastKnownFileType = sourcecode.swift; path = DogDetailViewController.swift; sourceTree = "<group>"; };
		145211C823161B73007843E1 /* SingUpService.swift */ = {isa = PBXFileReference; lastKnownFileType = sourcecode.swift; path = SingUpService.swift; sourceTree = "<group>"; };
		46FEBD47130A4ECCE8C1D342 /* Pods_desafios_iddog_desafios_iddogTests.framework */ = {isa = PBXFileReference; explicitFileType = wrapper.framework; includeInIndex = 0; path = Pods_desafios_iddog_desafios_iddogTests.framework; sourceTree = BUILT_PRODUCTS_DIR; };
		5789ED238E274F5240207CDE /* Pods-desafios-iddog-desafios-iddogUITests.debug.xcconfig */ = {isa = PBXFileReference; includeInIndex = 1; lastKnownFileType = text.xcconfig; name = "Pods-desafios-iddog-desafios-iddogUITests.debug.xcconfig"; path = "Target Support Files/Pods-desafios-iddog-desafios-iddogUITests/Pods-desafios-iddog-desafios-iddogUITests.debug.xcconfig"; sourceTree = "<group>"; };
		60B0FB9831885971E3A054BD /* Pods_desafios_iddog.framework */ = {isa = PBXFileReference; explicitFileType = wrapper.framework; includeInIndex = 0; path = Pods_desafios_iddog.framework; sourceTree = BUILT_PRODUCTS_DIR; };
		738E2FDB994F49B961D1329D /* Pods-desafios-iddog.release.xcconfig */ = {isa = PBXFileReference; includeInIndex = 1; lastKnownFileType = text.xcconfig; name = "Pods-desafios-iddog.release.xcconfig"; path = "Target Support Files/Pods-desafios-iddog/Pods-desafios-iddog.release.xcconfig"; sourceTree = "<group>"; };
		9423BAEE8A0F3917004AD80D /* Pods_desafios_iddog_desafios_iddogUITests.framework */ = {isa = PBXFileReference; explicitFileType = wrapper.framework; includeInIndex = 0; path = Pods_desafios_iddog_desafios_iddogUITests.framework; sourceTree = BUILT_PRODUCTS_DIR; };
		A4E9A21D13F18B6E6F306D98 /* Pods-desafios-iddog-desafios-iddogUITests.release.xcconfig */ = {isa = PBXFileReference; includeInIndex = 1; lastKnownFileType = text.xcconfig; name = "Pods-desafios-iddog-desafios-iddogUITests.release.xcconfig"; path = "Target Support Files/Pods-desafios-iddog-desafios-iddogUITests/Pods-desafios-iddog-desafios-iddogUITests.release.xcconfig"; sourceTree = "<group>"; };
		DC08291534E10383A9F62EE9 /* Pods-desafios-iddog-desafios-iddogTests.release.xcconfig */ = {isa = PBXFileReference; includeInIndex = 1; lastKnownFileType = text.xcconfig; name = "Pods-desafios-iddog-desafios-iddogTests.release.xcconfig"; path = "Target Support Files/Pods-desafios-iddog-desafios-iddogTests/Pods-desafios-iddog-desafios-iddogTests.release.xcconfig"; sourceTree = "<group>"; };
		DD5B27B3608003A1B449D649 /* Pods-desafios-iddog-desafios-iddogTests.debug.xcconfig */ = {isa = PBXFileReference; includeInIndex = 1; lastKnownFileType = text.xcconfig; name = "Pods-desafios-iddog-desafios-iddogTests.debug.xcconfig"; path = "Target Support Files/Pods-desafios-iddog-desafios-iddogTests/Pods-desafios-iddog-desafios-iddogTests.debug.xcconfig"; sourceTree = "<group>"; };
/* End PBXFileReference section */

/* Begin PBXFrameworksBuildPhase section */
		145211252311DDCB007843E1 /* Frameworks */ = {
			isa = PBXFrameworksBuildPhase;
			buildActionMask = 2147483647;
			files = (
				6EB00C16BF25AB187B2B6828 /* Pods_desafios_iddog.framework in Frameworks */,
			);
			runOnlyForDeploymentPostprocessing = 0;
		};
		145211392311DDCE007843E1 /* Frameworks */ = {
			isa = PBXFrameworksBuildPhase;
			buildActionMask = 2147483647;
			files = (
				B1C30571F08DD539DEAEFD19 /* Pods_desafios_iddog_desafios_iddogTests.framework in Frameworks */,
			);
			runOnlyForDeploymentPostprocessing = 0;
		};
		145211442311DDCE007843E1 /* Frameworks */ = {
			isa = PBXFrameworksBuildPhase;
			buildActionMask = 2147483647;
			files = (
				C5A76857FF062CECA9C577F0 /* Pods_desafios_iddog_desafios_iddogUITests.framework in Frameworks */,
			);
			runOnlyForDeploymentPostprocessing = 0;
		};
/* End PBXFrameworksBuildPhase section */

/* Begin PBXGroup section */
		1452111F2311DDCB007843E1 = {
			isa = PBXGroup;
			children = (
				1452112A2311DDCB007843E1 /* desafios-iddog */,
				1452113F2311DDCE007843E1 /* desafios-iddogTests */,
				1452114A2311DDCE007843E1 /* desafios-iddogUITests */,
				145211292311DDCB007843E1 /* Products */,
				3D6AA1765D35E2E39E10F4A0 /* Pods */,
				EE31B58C32DE984F8A75C221 /* Frameworks */,
			);
			sourceTree = "<group>";
		};
		145211292311DDCB007843E1 /* Products */ = {
			isa = PBXGroup;
			children = (
				145211282311DDCB007843E1 /* desafios-iddog.app */,
				1452113C2311DDCE007843E1 /* desafios-iddogTests.xctest */,
				145211472311DDCE007843E1 /* desafios-iddogUITests.xctest */,
			);
			name = Products;
			sourceTree = "<group>";
		};
		1452112A2311DDCB007843E1 /* desafios-iddog */ = {
			isa = PBXGroup;
			children = (
				1452115B2311DECF007843E1 /* Resources */,
				145211932314E2E1007843E1 /* Source */,
				145211372311DDCE007843E1 /* Info.plist */,
			);
			path = "desafios-iddog";
			sourceTree = "<group>";
		};
		1452113F2311DDCE007843E1 /* desafios-iddogTests */ = {
			isa = PBXGroup;
			children = (
				145211402311DDCE007843E1 /* desafios_iddogTests.swift */,
				145211422311DDCE007843E1 /* Info.plist */,
			);
			path = "desafios-iddogTests";
			sourceTree = "<group>";
		};
		1452114A2311DDCE007843E1 /* desafios-iddogUITests */ = {
			isa = PBXGroup;
			children = (
				1452114B2311DDCE007843E1 /* desafios_iddogUITests.swift */,
				1452114D2311DDCE007843E1 /* Info.plist */,
			);
			path = "desafios-iddogUITests";
			sourceTree = "<group>";
		};
		1452115A2311DEC1007843E1 /* Controllers */ = {
			isa = PBXGroup;
			children = (
				145211C5231612F9007843E1 /* DogDetail */,
				145211C22315F9D3007843E1 /* DogsSelector */,
				1452116E231376CA007843E1 /* DogGallery */,
				145211672312189B007843E1 /* Login */,
				1452112D2311DDCB007843E1 /* ViewController.swift */,
			);
			path = Controllers;
			sourceTree = "<group>";
		};
		1452115B2311DECF007843E1 /* Resources */ = {
			isa = PBXGroup;
			children = (
				145211B92314FF91007843E1 /* UserInterface */,
				145211B82314FF84007843E1 /* Assets */,
			);
			path = Resources;
			sourceTree = "<group>";
		};
		1452115C2311DED7007843E1 /* ViewModels */ = {
			isa = PBXGroup;
			children = (
				14521163231205DB007843E1 /* Login */,
				145211A02314ECAA007843E1 /* DogListViewModel.swift */,
				145211B22314FA58007843E1 /* DogViewModel.swift */,
				145211C02315F3E8007843E1 /* DogsSelectorViewModel.swift */,
			);
			path = ViewModels;
			sourceTree = "<group>";
		};
		1452115D2311DEE0007843E1 /* Views */ = {
			isa = PBXGroup;
			children = (
				145211B02314FA06007843E1 /* DogCollectionViewCell.swift */,
				145211B42314FED0007843E1 /* DogLoadingCollectionViewCell.swift */,
			);
			path = Views;
			sourceTree = "<group>";
		};
		14521163231205DB007843E1 /* Login */ = {
			isa = PBXGroup;
			children = (
				14521161231203FC007843E1 /* LoginViewModel.swift */,
			);
			path = Login;
			sourceTree = "<group>";
		};
		14521164231214BD007843E1 /* Services */ = {
			isa = PBXGroup;
			children = (
				1452116523121548007843E1 /* ApiRouter.swift */,
				145211A22314EE84007843E1 /* DogListService.swift */,
				145211C823161B73007843E1 /* SingUpService.swift */,
			);
			path = Services;
			sourceTree = "<group>";
		};
		145211672312189B007843E1 /* Login */ = {
			isa = PBXGroup;
			children = (
				14521168231218A8007843E1 /* LoginViewController.swift */,
			);
			path = Login;
			sourceTree = "<group>";
		};
		1452116E231376CA007843E1 /* DogGallery */ = {
			isa = PBXGroup;
			children = (
				1452116F231376EE007843E1 /* DogGalleryViewController.swift */,
			);
			path = DogGallery;
			sourceTree = "<group>";
		};
		1452117F2314A9A0007843E1 /* Coordinator */ = {
			isa = PBXGroup;
			children = (
				145211802314A9B8007843E1 /* Coordinator.swift */,
				145211822314A9D5007843E1 /* Storyboarded.swift */,
				145211842314AB92007843E1 /* MainCoordinator.swift */,
			);
			path = Coordinator;
			sourceTree = "<group>";
		};
		145211892314C35F007843E1 /* Model */ = {
			isa = PBXGroup;
			children = (
				1452118A2314C388007843E1 /* DogsCategory.swift */,
				1452118C2314C717007843E1 /* User.swift */,
			);
			path = Model;
			sourceTree = "<group>";
		};
		145211932314E2E1007843E1 /* Source */ = {
			isa = PBXGroup;
			children = (
				1452119B2314EA53007843E1 /* Common */,
				145211942314E342007843E1 /* Infrastructure */,
				1452115D2311DEE0007843E1 /* Views */,
				1452115C2311DED7007843E1 /* ViewModels */,
				1452115A2311DEC1007843E1 /* Controllers */,
				14521164231214BD007843E1 /* Services */,
				1452117F2314A9A0007843E1 /* Coordinator */,
				145211892314C35F007843E1 /* Model */,
			);
			path = Source;
			sourceTree = "<group>";
		};
		145211942314E342007843E1 /* Infrastructure */ = {
			isa = PBXGroup;
			children = (
				145211952314E3C5007843E1 /* Errors */,
				1452112B2311DDCB007843E1 /* AppDelegate.swift */,
			);
			path = Infrastructure;
			sourceTree = "<group>";
		};
		145211952314E3C5007843E1 /* Errors */ = {
			isa = PBXGroup;
			children = (
				145211962314E3F2007843E1 /* Errors.swift */,
				145211982314E43D007843E1 /* ErrorHandler.swift */,
			);
			path = Errors;
			sourceTree = "<group>";
		};
		1452119B2314EA53007843E1 /* Common */ = {
			isa = PBXGroup;
			children = (
				1452119F2314EB51007843E1 /* Extensions */,
				1452119C2314EAE6007843E1 /* Protocols */,
			);
			path = Common;
			sourceTree = "<group>";
		};
		1452119C2314EAE6007843E1 /* Protocols */ = {
			isa = PBXGroup;
			children = (
				145211A62314F42B007843E1 /* ChallengeReachability.swift */,
				1452119D2314EAF7007843E1 /* Identifiable.swift */,
			);
			path = Protocols;
			sourceTree = "<group>";
		};
		1452119F2314EB51007843E1 /* Extensions */ = {
			isa = PBXGroup;
			children = (
				145211AC2314F73C007843E1 /* UICollectionView+Extensions.swift */,
				145211A82314F456007843E1 /* Reachability+Extensions.swift */,
				145211AE2314F779007843E1 /* UIImageView+Extensions.swift */,
				145211B62314FF1F007843E1 /* UIColor+Extensions.swift */,
			);
			path = Extensions;
			sourceTree = "<group>";
		};
		145211B82314FF84007843E1 /* Assets */ = {
			isa = PBXGroup;
			children = (
				145211322311DDCE007843E1 /* Assets.xcassets */,
			);
			path = Assets;
			sourceTree = "<group>";
		};
		145211B92314FF91007843E1 /* UserInterface */ = {
			isa = PBXGroup;
			children = (
				1452112F2311DDCB007843E1 /* Login.storyboard */,
				145211342311DDCE007843E1 /* LaunchScreen.storyboard */,
			);
			path = UserInterface;
			sourceTree = "<group>";
		};
		145211C22315F9D3007843E1 /* DogsSelector */ = {
			isa = PBXGroup;
			children = (
				145211C32315F9F5007843E1 /* DogsSelectorViewController.swift */,
			);
			path = DogsSelector;
			sourceTree = "<group>";
		};
		145211C5231612F9007843E1 /* DogDetail */ = {
			isa = PBXGroup;
			children = (
				145211C62316130D007843E1 /* DogDetailViewController.swift */,
			);
			path = DogDetail;
			sourceTree = "<group>";
		};
		3D6AA1765D35E2E39E10F4A0 /* Pods */ = {
			isa = PBXGroup;
			children = (
				101E507437CBA5E168E40B5F /* Pods-desafios-iddog.debug.xcconfig */,
				738E2FDB994F49B961D1329D /* Pods-desafios-iddog.release.xcconfig */,
				DD5B27B3608003A1B449D649 /* Pods-desafios-iddog-desafios-iddogTests.debug.xcconfig */,
				DC08291534E10383A9F62EE9 /* Pods-desafios-iddog-desafios-iddogTests.release.xcconfig */,
				5789ED238E274F5240207CDE /* Pods-desafios-iddog-desafios-iddogUITests.debug.xcconfig */,
				A4E9A21D13F18B6E6F306D98 /* Pods-desafios-iddog-desafios-iddogUITests.release.xcconfig */,
			);
			path = Pods;
			sourceTree = "<group>";
		};
		EE31B58C32DE984F8A75C221 /* Frameworks */ = {
			isa = PBXGroup;
			children = (
				60B0FB9831885971E3A054BD /* Pods_desafios_iddog.framework */,
				46FEBD47130A4ECCE8C1D342 /* Pods_desafios_iddog_desafios_iddogTests.framework */,
				9423BAEE8A0F3917004AD80D /* Pods_desafios_iddog_desafios_iddogUITests.framework */,
			);
			name = Frameworks;
			sourceTree = "<group>";
		};
/* End PBXGroup section */

/* Begin PBXNativeTarget section */
		145211272311DDCB007843E1 /* desafios-iddog */ = {
			isa = PBXNativeTarget;
			buildConfigurationList = 145211502311DDCE007843E1 /* Build configuration list for PBXNativeTarget "desafios-iddog" */;
			buildPhases = (
				196C10E116A08B083246D95A /* [CP] Check Pods Manifest.lock */,
				145211242311DDCB007843E1 /* Sources */,
				145211252311DDCB007843E1 /* Frameworks */,
				145211262311DDCB007843E1 /* Resources */,
				366943EAA5C9A303F60F2AE7 /* [CP] Embed Pods Frameworks */,
			);
			buildRules = (
			);
			dependencies = (
			);
			name = "desafios-iddog";
			productName = "desafios-iddog";
			productReference = 145211282311DDCB007843E1 /* desafios-iddog.app */;
			productType = "com.apple.product-type.application";
		};
		1452113B2311DDCE007843E1 /* desafios-iddogTests */ = {
			isa = PBXNativeTarget;
			buildConfigurationList = 145211532311DDCE007843E1 /* Build configuration list for PBXNativeTarget "desafios-iddogTests" */;
			buildPhases = (
				F179F37AF50A97A2DEA54CEC /* [CP] Check Pods Manifest.lock */,
				145211382311DDCE007843E1 /* Sources */,
				145211392311DDCE007843E1 /* Frameworks */,
				1452113A2311DDCE007843E1 /* Resources */,
				250E039082D479B5B0C3307C /* [CP] Embed Pods Frameworks */,
			);
			buildRules = (
			);
			dependencies = (
				1452113E2311DDCE007843E1 /* PBXTargetDependency */,
			);
			name = "desafios-iddogTests";
			productName = "desafios-iddogTests";
			productReference = 1452113C2311DDCE007843E1 /* desafios-iddogTests.xctest */;
			productType = "com.apple.product-type.bundle.unit-test";
		};
		145211462311DDCE007843E1 /* desafios-iddogUITests */ = {
			isa = PBXNativeTarget;
			buildConfigurationList = 145211562311DDCE007843E1 /* Build configuration list for PBXNativeTarget "desafios-iddogUITests" */;
			buildPhases = (
				C9515C11D8726DE64902EFBA /* [CP] Check Pods Manifest.lock */,
				145211432311DDCE007843E1 /* Sources */,
				145211442311DDCE007843E1 /* Frameworks */,
				145211452311DDCE007843E1 /* Resources */,
				C37C74B48121098A216B9811 /* [CP] Embed Pods Frameworks */,
			);
			buildRules = (
			);
			dependencies = (
				145211492311DDCE007843E1 /* PBXTargetDependency */,
			);
			name = "desafios-iddogUITests";
			productName = "desafios-iddogUITests";
			productReference = 145211472311DDCE007843E1 /* desafios-iddogUITests.xctest */;
			productType = "com.apple.product-type.bundle.ui-testing";
		};
/* End PBXNativeTarget section */

/* Begin PBXProject section */
		145211202311DDCB007843E1 /* Project object */ = {
			isa = PBXProject;
			attributes = {
				LastSwiftUpdateCheck = 1020;
				LastUpgradeCheck = 1020;
				ORGANIZATIONNAME = "Carlos Alberto Mota Candreva";
				TargetAttributes = {
					145211272311DDCB007843E1 = {
						CreatedOnToolsVersion = 10.2.1;
					};
					1452113B2311DDCE007843E1 = {
						CreatedOnToolsVersion = 10.2.1;
						TestTargetID = 145211272311DDCB007843E1;
					};
					145211462311DDCE007843E1 = {
						CreatedOnToolsVersion = 10.2.1;
						TestTargetID = 145211272311DDCB007843E1;
					};
				};
			};
			buildConfigurationList = 145211232311DDCB007843E1 /* Build configuration list for PBXProject "desafios-iddog" */;
			compatibilityVersion = "Xcode 9.3";
			developmentRegion = en;
			hasScannedForEncodings = 0;
			knownRegions = (
				en,
				Base,
			);
			mainGroup = 1452111F2311DDCB007843E1;
			productRefGroup = 145211292311DDCB007843E1 /* Products */;
			projectDirPath = "";
			projectRoot = "";
			targets = (
				145211272311DDCB007843E1 /* desafios-iddog */,
				1452113B2311DDCE007843E1 /* desafios-iddogTests */,
				145211462311DDCE007843E1 /* desafios-iddogUITests */,
			);
		};
/* End PBXProject section */

/* Begin PBXResourcesBuildPhase section */
		145211262311DDCB007843E1 /* Resources */ = {
			isa = PBXResourcesBuildPhase;
			buildActionMask = 2147483647;
			files = (
				145211362311DDCE007843E1 /* LaunchScreen.storyboard in Resources */,
				145211332311DDCE007843E1 /* Assets.xcassets in Resources */,
				145211312311DDCB007843E1 /* Login.storyboard in Resources */,
			);
			runOnlyForDeploymentPostprocessing = 0;
		};
		1452113A2311DDCE007843E1 /* Resources */ = {
			isa = PBXResourcesBuildPhase;
			buildActionMask = 2147483647;
			files = (
			);
			runOnlyForDeploymentPostprocessing = 0;
		};
		145211452311DDCE007843E1 /* Resources */ = {
			isa = PBXResourcesBuildPhase;
			buildActionMask = 2147483647;
			files = (
			);
			runOnlyForDeploymentPostprocessing = 0;
		};
/* End PBXResourcesBuildPhase section */

/* Begin PBXShellScriptBuildPhase section */
		196C10E116A08B083246D95A /* [CP] Check Pods Manifest.lock */ = {
			isa = PBXShellScriptBuildPhase;
			buildActionMask = 2147483647;
			files = (
			);
			inputFileListPaths = (
			);
			inputPaths = (
				"${PODS_PODFILE_DIR_PATH}/Podfile.lock",
				"${PODS_ROOT}/Manifest.lock",
			);
			name = "[CP] Check Pods Manifest.lock";
			outputFileListPaths = (
			);
			outputPaths = (
				"$(DERIVED_FILE_DIR)/Pods-desafios-iddog-checkManifestLockResult.txt",
			);
			runOnlyForDeploymentPostprocessing = 0;
			shellPath = /bin/sh;
			shellScript = "diff \"${PODS_PODFILE_DIR_PATH}/Podfile.lock\" \"${PODS_ROOT}/Manifest.lock\" > /dev/null\nif [ $? != 0 ] ; then\n    # print error to STDERR\n    echo \"error: The sandbox is not in sync with the Podfile.lock. Run 'pod install' or update your CocoaPods installation.\" >&2\n    exit 1\nfi\n# This output is used by Xcode 'outputs' to avoid re-running this script phase.\necho \"SUCCESS\" > \"${SCRIPT_OUTPUT_FILE_0}\"\n";
			showEnvVarsInLog = 0;
		};
		250E039082D479B5B0C3307C /* [CP] Embed Pods Frameworks */ = {
			isa = PBXShellScriptBuildPhase;
			buildActionMask = 2147483647;
			files = (
			);
			inputFileListPaths = (
				"${PODS_ROOT}/Target Support Files/Pods-desafios-iddog-desafios-iddogTests/Pods-desafios-iddog-desafios-iddogTests-frameworks-${CONFIGURATION}-input-files.xcfilelist",
			);
			name = "[CP] Embed Pods Frameworks";
			outputFileListPaths = (
				"${PODS_ROOT}/Target Support Files/Pods-desafios-iddog-desafios-iddogTests/Pods-desafios-iddog-desafios-iddogTests-frameworks-${CONFIGURATION}-output-files.xcfilelist",
			);
			runOnlyForDeploymentPostprocessing = 0;
			shellPath = /bin/sh;
			shellScript = "\"${PODS_ROOT}/Target Support Files/Pods-desafios-iddog-desafios-iddogTests/Pods-desafios-iddog-desafios-iddogTests-frameworks.sh\"\n";
			showEnvVarsInLog = 0;
		};
		366943EAA5C9A303F60F2AE7 /* [CP] Embed Pods Frameworks */ = {
			isa = PBXShellScriptBuildPhase;
			buildActionMask = 2147483647;
			files = (
			);
			inputFileListPaths = (
				"${PODS_ROOT}/Target Support Files/Pods-desafios-iddog/Pods-desafios-iddog-frameworks-${CONFIGURATION}-input-files.xcfilelist",
			);
			name = "[CP] Embed Pods Frameworks";
			outputFileListPaths = (
				"${PODS_ROOT}/Target Support Files/Pods-desafios-iddog/Pods-desafios-iddog-frameworks-${CONFIGURATION}-output-files.xcfilelist",
			);
			runOnlyForDeploymentPostprocessing = 0;
			shellPath = /bin/sh;
			shellScript = "\"${PODS_ROOT}/Target Support Files/Pods-desafios-iddog/Pods-desafios-iddog-frameworks.sh\"\n";
			showEnvVarsInLog = 0;
		};
		C37C74B48121098A216B9811 /* [CP] Embed Pods Frameworks */ = {
			isa = PBXShellScriptBuildPhase;
			buildActionMask = 2147483647;
			files = (
			);
			inputFileListPaths = (
				"${PODS_ROOT}/Target Support Files/Pods-desafios-iddog-desafios-iddogUITests/Pods-desafios-iddog-desafios-iddogUITests-frameworks-${CONFIGURATION}-input-files.xcfilelist",
			);
			name = "[CP] Embed Pods Frameworks";
			outputFileListPaths = (
				"${PODS_ROOT}/Target Support Files/Pods-desafios-iddog-desafios-iddogUITests/Pods-desafios-iddog-desafios-iddogUITests-frameworks-${CONFIGURATION}-output-files.xcfilelist",
			);
			runOnlyForDeploymentPostprocessing = 0;
			shellPath = /bin/sh;
			shellScript = "\"${PODS_ROOT}/Target Support Files/Pods-desafios-iddog-desafios-iddogUITests/Pods-desafios-iddog-desafios-iddogUITests-frameworks.sh\"\n";
			showEnvVarsInLog = 0;
		};
		C9515C11D8726DE64902EFBA /* [CP] Check Pods Manifest.lock */ = {
			isa = PBXShellScriptBuildPhase;
			buildActionMask = 2147483647;
			files = (
			);
			inputFileListPaths = (
			);
			inputPaths = (
				"${PODS_PODFILE_DIR_PATH}/Podfile.lock",
				"${PODS_ROOT}/Manifest.lock",
			);
			name = "[CP] Check Pods Manifest.lock";
			outputFileListPaths = (
			);
			outputPaths = (
				"$(DERIVED_FILE_DIR)/Pods-desafios-iddog-desafios-iddogUITests-checkManifestLockResult.txt",
			);
			runOnlyForDeploymentPostprocessing = 0;
			shellPath = /bin/sh;
			shellScript = "diff \"${PODS_PODFILE_DIR_PATH}/Podfile.lock\" \"${PODS_ROOT}/Manifest.lock\" > /dev/null\nif [ $? != 0 ] ; then\n    # print error to STDERR\n    echo \"error: The sandbox is not in sync with the Podfile.lock. Run 'pod install' or update your CocoaPods installation.\" >&2\n    exit 1\nfi\n# This output is used by Xcode 'outputs' to avoid re-running this script phase.\necho \"SUCCESS\" > \"${SCRIPT_OUTPUT_FILE_0}\"\n";
			showEnvVarsInLog = 0;
		};
		F179F37AF50A97A2DEA54CEC /* [CP] Check Pods Manifest.lock */ = {
			isa = PBXShellScriptBuildPhase;
			buildActionMask = 2147483647;
			files = (
			);
			inputFileListPaths = (
			);
			inputPaths = (
				"${PODS_PODFILE_DIR_PATH}/Podfile.lock",
				"${PODS_ROOT}/Manifest.lock",
			);
			name = "[CP] Check Pods Manifest.lock";
			outputFileListPaths = (
			);
			outputPaths = (
				"$(DERIVED_FILE_DIR)/Pods-desafios-iddog-desafios-iddogTests-checkManifestLockResult.txt",
			);
			runOnlyForDeploymentPostprocessing = 0;
			shellPath = /bin/sh;
			shellScript = "diff \"${PODS_PODFILE_DIR_PATH}/Podfile.lock\" \"${PODS_ROOT}/Manifest.lock\" > /dev/null\nif [ $? != 0 ] ; then\n    # print error to STDERR\n    echo \"error: The sandbox is not in sync with the Podfile.lock. Run 'pod install' or update your CocoaPods installation.\" >&2\n    exit 1\nfi\n# This output is used by Xcode 'outputs' to avoid re-running this script phase.\necho \"SUCCESS\" > \"${SCRIPT_OUTPUT_FILE_0}\"\n";
			showEnvVarsInLog = 0;
		};
/* End PBXShellScriptBuildPhase section */

/* Begin PBXSourcesBuildPhase section */
		145211242311DDCB007843E1 /* Sources */ = {
			isa = PBXSourcesBuildPhase;
			buildActionMask = 2147483647;
			files = (
				145211C72316130D007843E1 /* DogDetailViewController.swift in Sources */,
				145211A32314EE84007843E1 /* DogListService.swift in Sources */,
				145211C42315F9F5007843E1 /* DogsSelectorViewController.swift in Sources */,
				145211AF2314F779007843E1 /* UIImageView+Extensions.swift in Sources */,
				145211B72314FF1F007843E1 /* UIColor+Extensions.swift in Sources */,
				145211B32314FA58007843E1 /* DogViewModel.swift in Sources */,
				145211A72314F42B007843E1 /* ChallengeReachability.swift in Sources */,
				145211812314A9B8007843E1 /* Coordinator.swift in Sources */,
				145211B52314FED0007843E1 /* DogLoadingCollectionViewCell.swift in Sources */,
				14521170231376EE007843E1 /* DogGalleryViewController.swift in Sources */,
				145211A12314ECAA007843E1 /* DogListViewModel.swift in Sources */,
				1452112E2311DDCB007843E1 /* ViewController.swift in Sources */,
				145211B12314FA06007843E1 /* DogCollectionViewCell.swift in Sources */,
				1452118B2314C388007843E1 /* DogsCategory.swift in Sources */,
				145211972314E3F2007843E1 /* Errors.swift in Sources */,
				1452112C2311DDCB007843E1 /* AppDelegate.swift in Sources */,
				14521162231203FC007843E1 /* LoginViewModel.swift in Sources */,
				145211C12315F3E8007843E1 /* DogsSelectorViewModel.swift in Sources */,
				14521169231218A8007843E1 /* LoginViewController.swift in Sources */,
				1452116623121548007843E1 /* ApiRouter.swift in Sources */,
				145211AD2314F73C007843E1 /* UICollectionView+Extensions.swift in Sources */,
				145211852314AB92007843E1 /* MainCoordinator.swift in Sources */,
				145211992314E43D007843E1 /* ErrorHandler.swift in Sources */,
				145211A92314F456007843E1 /* Reachability+Extensions.swift in Sources */,
				145211C923161B73007843E1 /* SingUpService.swift in Sources */,
				1452119E2314EAF7007843E1 /* Identifiable.swift in Sources */,
				1452118D2314C717007843E1 /* User.swift in Sources */,
				145211832314A9D5007843E1 /* Storyboarded.swift in Sources */,
			);
			runOnlyForDeploymentPostprocessing = 0;
		};
		145211382311DDCE007843E1 /* Sources */ = {
			isa = PBXSourcesBuildPhase;
			buildActionMask = 2147483647;
			files = (
				145211412311DDCE007843E1 /* desafios_iddogTests.swift in Sources */,
			);
			runOnlyForDeploymentPostprocessing = 0;
		};
		145211432311DDCE007843E1 /* Sources */ = {
			isa = PBXSourcesBuildPhase;
			buildActionMask = 2147483647;
			files = (
				1452114C2311DDCE007843E1 /* desafios_iddogUITests.swift in Sources */,
			);
			runOnlyForDeploymentPostprocessing = 0;
		};
/* End PBXSourcesBuildPhase section */

/* Begin PBXTargetDependency section */
		1452113E2311DDCE007843E1 /* PBXTargetDependency */ = {
			isa = PBXTargetDependency;
			target = 145211272311DDCB007843E1 /* desafios-iddog */;
			targetProxy = 1452113D2311DDCE007843E1 /* PBXContainerItemProxy */;
		};
		145211492311DDCE007843E1 /* PBXTargetDependency */ = {
			isa = PBXTargetDependency;
			target = 145211272311DDCB007843E1 /* desafios-iddog */;
			targetProxy = 145211482311DDCE007843E1 /* PBXContainerItemProxy */;
		};
/* End PBXTargetDependency section */

/* Begin PBXVariantGroup section */
		1452112F2311DDCB007843E1 /* Login.storyboard */ = {
			isa = PBXVariantGroup;
			children = (
				145211302311DDCB007843E1 /* Base */,
			);
			name = Login.storyboard;
			sourceTree = "<group>";
		};
		145211342311DDCE007843E1 /* LaunchScreen.storyboard */ = {
			isa = PBXVariantGroup;
			children = (
				145211352311DDCE007843E1 /* Base */,
			);
			name = LaunchScreen.storyboard;
			sourceTree = "<group>";
		};
/* End PBXVariantGroup section */

/* Begin XCBuildConfiguration section */
		1452114E2311DDCE007843E1 /* Debug */ = {
			isa = XCBuildConfiguration;
			buildSettings = {
				ALWAYS_SEARCH_USER_PATHS = NO;
				CLANG_ANALYZER_NONNULL = YES;
				CLANG_ANALYZER_NUMBER_OBJECT_CONVERSION = YES_AGGRESSIVE;
				CLANG_CXX_LANGUAGE_STANDARD = "gnu++14";
				CLANG_CXX_LIBRARY = "libc++";
				CLANG_ENABLE_MODULES = YES;
				CLANG_ENABLE_OBJC_ARC = YES;
				CLANG_ENABLE_OBJC_WEAK = YES;
				CLANG_WARN_BLOCK_CAPTURE_AUTORELEASING = YES;
				CLANG_WARN_BOOL_CONVERSION = YES;
				CLANG_WARN_COMMA = YES;
				CLANG_WARN_CONSTANT_CONVERSION = YES;
				CLANG_WARN_DEPRECATED_OBJC_IMPLEMENTATIONS = YES;
				CLANG_WARN_DIRECT_OBJC_ISA_USAGE = YES_ERROR;
				CLANG_WARN_DOCUMENTATION_COMMENTS = YES;
				CLANG_WARN_EMPTY_BODY = YES;
				CLANG_WARN_ENUM_CONVERSION = YES;
				CLANG_WARN_INFINITE_RECURSION = YES;
				CLANG_WARN_INT_CONVERSION = YES;
				CLANG_WARN_NON_LITERAL_NULL_CONVERSION = YES;
				CLANG_WARN_OBJC_IMPLICIT_RETAIN_SELF = YES;
				CLANG_WARN_OBJC_LITERAL_CONVERSION = YES;
				CLANG_WARN_OBJC_ROOT_CLASS = YES_ERROR;
				CLANG_WARN_RANGE_LOOP_ANALYSIS = YES;
				CLANG_WARN_STRICT_PROTOTYPES = YES;
				CLANG_WARN_SUSPICIOUS_MOVE = YES;
				CLANG_WARN_UNGUARDED_AVAILABILITY = YES_AGGRESSIVE;
				CLANG_WARN_UNREACHABLE_CODE = YES;
				CLANG_WARN__DUPLICATE_METHOD_MATCH = YES;
				CODE_SIGN_IDENTITY = "iPhone Developer";
				COPY_PHASE_STRIP = NO;
				DEBUG_INFORMATION_FORMAT = dwarf;
				ENABLE_STRICT_OBJC_MSGSEND = YES;
				ENABLE_TESTABILITY = YES;
				GCC_C_LANGUAGE_STANDARD = gnu11;
				GCC_DYNAMIC_NO_PIC = NO;
				GCC_NO_COMMON_BLOCKS = YES;
				GCC_OPTIMIZATION_LEVEL = 0;
				GCC_PREPROCESSOR_DEFINITIONS = (
					"DEBUG=1",
					"$(inherited)",
				);
				GCC_WARN_64_TO_32_BIT_CONVERSION = YES;
				GCC_WARN_ABOUT_RETURN_TYPE = YES_ERROR;
				GCC_WARN_UNDECLARED_SELECTOR = YES;
				GCC_WARN_UNINITIALIZED_AUTOS = YES_AGGRESSIVE;
				GCC_WARN_UNUSED_FUNCTION = YES;
				GCC_WARN_UNUSED_VARIABLE = YES;
				IPHONEOS_DEPLOYMENT_TARGET = 12.1;
				MTL_ENABLE_DEBUG_INFO = INCLUDE_SOURCE;
				MTL_FAST_MATH = YES;
				ONLY_ACTIVE_ARCH = YES;
				SDKROOT = iphoneos;
				SWIFT_ACTIVE_COMPILATION_CONDITIONS = DEBUG;
				SWIFT_OPTIMIZATION_LEVEL = "-Onone";
			};
			name = Debug;
		};
		1452114F2311DDCE007843E1 /* Release */ = {
			isa = XCBuildConfiguration;
			buildSettings = {
				ALWAYS_SEARCH_USER_PATHS = NO;
				CLANG_ANALYZER_NONNULL = YES;
				CLANG_ANALYZER_NUMBER_OBJECT_CONVERSION = YES_AGGRESSIVE;
				CLANG_CXX_LANGUAGE_STANDARD = "gnu++14";
				CLANG_CXX_LIBRARY = "libc++";
				CLANG_ENABLE_MODULES = YES;
				CLANG_ENABLE_OBJC_ARC = YES;
				CLANG_ENABLE_OBJC_WEAK = YES;
				CLANG_WARN_BLOCK_CAPTURE_AUTORELEASING = YES;
				CLANG_WARN_BOOL_CONVERSION = YES;
				CLANG_WARN_COMMA = YES;
				CLANG_WARN_CONSTANT_CONVERSION = YES;
				CLANG_WARN_DEPRECATED_OBJC_IMPLEMENTATIONS = YES;
				CLANG_WARN_DIRECT_OBJC_ISA_USAGE = YES_ERROR;
				CLANG_WARN_DOCUMENTATION_COMMENTS = YES;
				CLANG_WARN_EMPTY_BODY = YES;
				CLANG_WARN_ENUM_CONVERSION = YES;
				CLANG_WARN_INFINITE_RECURSION = YES;
				CLANG_WARN_INT_CONVERSION = YES;
				CLANG_WARN_NON_LITERAL_NULL_CONVERSION = YES;
				CLANG_WARN_OBJC_IMPLICIT_RETAIN_SELF = YES;
				CLANG_WARN_OBJC_LITERAL_CONVERSION = YES;
				CLANG_WARN_OBJC_ROOT_CLASS = YES_ERROR;
				CLANG_WARN_RANGE_LOOP_ANALYSIS = YES;
				CLANG_WARN_STRICT_PROTOTYPES = YES;
				CLANG_WARN_SUSPICIOUS_MOVE = YES;
				CLANG_WARN_UNGUARDED_AVAILABILITY = YES_AGGRESSIVE;
				CLANG_WARN_UNREACHABLE_CODE = YES;
				CLANG_WARN__DUPLICATE_METHOD_MATCH = YES;
				CODE_SIGN_IDENTITY = "iPhone Developer";
				COPY_PHASE_STRIP = NO;
				DEBUG_INFORMATION_FORMAT = "dwarf-with-dsym";
				ENABLE_NS_ASSERTIONS = NO;
				ENABLE_STRICT_OBJC_MSGSEND = YES;
				GCC_C_LANGUAGE_STANDARD = gnu11;
				GCC_NO_COMMON_BLOCKS = YES;
				GCC_WARN_64_TO_32_BIT_CONVERSION = YES;
				GCC_WARN_ABOUT_RETURN_TYPE = YES_ERROR;
				GCC_WARN_UNDECLARED_SELECTOR = YES;
				GCC_WARN_UNINITIALIZED_AUTOS = YES_AGGRESSIVE;
				GCC_WARN_UNUSED_FUNCTION = YES;
				GCC_WARN_UNUSED_VARIABLE = YES;
				IPHONEOS_DEPLOYMENT_TARGET = 12.1;
				MTL_ENABLE_DEBUG_INFO = NO;
				MTL_FAST_MATH = YES;
				SDKROOT = iphoneos;
				SWIFT_COMPILATION_MODE = wholemodule;
				SWIFT_OPTIMIZATION_LEVEL = "-O";
				VALIDATE_PRODUCT = YES;
			};
			name = Release;
		};
		145211512311DDCE007843E1 /* Debug */ = {
			isa = XCBuildConfiguration;
			baseConfigurationReference = 101E507437CBA5E168E40B5F /* Pods-desafios-iddog.debug.xcconfig */;
			buildSettings = {
				ASSETCATALOG_COMPILER_APPICON_NAME = AppIcon;
				CODE_SIGN_STYLE = Automatic;
				INFOPLIST_FILE = "desafios-iddog/Info.plist";
				IPHONEOS_DEPLOYMENT_TARGET = 12.1;
				LD_RUNPATH_SEARCH_PATHS = (
					"$(inherited)",
					"@executable_path/Frameworks",
				);
				PRODUCT_BUNDLE_IDENTIFIER = "candreva.desafios-iddog";
				PRODUCT_NAME = "$(TARGET_NAME)";
				SWIFT_VERSION = 4.2;
				TARGETED_DEVICE_FAMILY = "1,2";
			};
			name = Debug;
		};
		145211522311DDCE007843E1 /* Release */ = {
			isa = XCBuildConfiguration;
			baseConfigurationReference = 738E2FDB994F49B961D1329D /* Pods-desafios-iddog.release.xcconfig */;
			buildSettings = {
				ASSETCATALOG_COMPILER_APPICON_NAME = AppIcon;
				CODE_SIGN_STYLE = Automatic;
				INFOPLIST_FILE = "desafios-iddog/Info.plist";
				IPHONEOS_DEPLOYMENT_TARGET = 12.1;
				LD_RUNPATH_SEARCH_PATHS = (
					"$(inherited)",
					"@executable_path/Frameworks",
				);
				PRODUCT_BUNDLE_IDENTIFIER = "candreva.desafios-iddog";
				PRODUCT_NAME = "$(TARGET_NAME)";
				SWIFT_VERSION = 4.2;
				TARGETED_DEVICE_FAMILY = "1,2";
			};
			name = Release;
		};
		145211542311DDCE007843E1 /* Debug */ = {
			isa = XCBuildConfiguration;
			baseConfigurationReference = DD5B27B3608003A1B449D649 /* Pods-desafios-iddog-desafios-iddogTests.debug.xcconfig */;
			buildSettings = {
				ALWAYS_EMBED_SWIFT_STANDARD_LIBRARIES = YES;
				BUNDLE_LOADER = "$(TEST_HOST)";
				CODE_SIGN_STYLE = Automatic;
				INFOPLIST_FILE = "desafios-iddogTests/Info.plist";
				LD_RUNPATH_SEARCH_PATHS = (
					"$(inherited)",
					"@executable_path/Frameworks",
					"@loader_path/Frameworks",
				);
				PRODUCT_BUNDLE_IDENTIFIER = "candreva.desafios-iddogTests";
				PRODUCT_NAME = "$(TARGET_NAME)";
				SWIFT_VERSION = 4.2;
				TARGETED_DEVICE_FAMILY = "1,2";
				TEST_HOST = "$(BUILT_PRODUCTS_DIR)/desafios-iddog.app/desafios-iddog";
			};
			name = Debug;
		};
		145211552311DDCE007843E1 /* Release */ = {
			isa = XCBuildConfiguration;
			baseConfigurationReference = DC08291534E10383A9F62EE9 /* Pods-desafios-iddog-desafios-iddogTests.release.xcconfig */;
			buildSettings = {
				ALWAYS_EMBED_SWIFT_STANDARD_LIBRARIES = YES;
				BUNDLE_LOADER = "$(TEST_HOST)";
				CODE_SIGN_STYLE = Automatic;
				INFOPLIST_FILE = "desafios-iddogTests/Info.plist";
				LD_RUNPATH_SEARCH_PATHS = (
					"$(inherited)",
					"@executable_path/Frameworks",
					"@loader_path/Frameworks",
				);
				PRODUCT_BUNDLE_IDENTIFIER = "candreva.desafios-iddogTests";
				PRODUCT_NAME = "$(TARGET_NAME)";
				SWIFT_VERSION = 4.2;
				TARGETED_DEVICE_FAMILY = "1,2";
				TEST_HOST = "$(BUILT_PRODUCTS_DIR)/desafios-iddog.app/desafios-iddog";
			};
			name = Release;
		};
		145211572311DDCE007843E1 /* Debug */ = {
			isa = XCBuildConfiguration;
			baseConfigurationReference = 5789ED238E274F5240207CDE /* Pods-desafios-iddog-desafios-iddogUITests.debug.xcconfig */;
			buildSettings = {
				ALWAYS_EMBED_SWIFT_STANDARD_LIBRARIES = YES;
				CODE_SIGN_STYLE = Automatic;
				INFOPLIST_FILE = "desafios-iddogUITests/Info.plist";
				LD_RUNPATH_SEARCH_PATHS = (
					"$(inherited)",
					"@executable_path/Frameworks",
					"@loader_path/Frameworks",
				);
				PRODUCT_BUNDLE_IDENTIFIER = "candreva.desafios-iddogUITests";
				PRODUCT_NAME = "$(TARGET_NAME)";
				SWIFT_VERSION = 4.2;
				TARGETED_DEVICE_FAMILY = "1,2";
				TEST_TARGET_NAME = "desafios-iddog";
			};
			name = Debug;
		};
		145211582311DDCE007843E1 /* Release */ = {
			isa = XCBuildConfiguration;
			baseConfigurationReference = A4E9A21D13F18B6E6F306D98 /* Pods-desafios-iddog-desafios-iddogUITests.release.xcconfig */;
			buildSettings = {
				ALWAYS_EMBED_SWIFT_STANDARD_LIBRARIES = YES;
				CODE_SIGN_STYLE = Automatic;
				INFOPLIST_FILE = "desafios-iddogUITests/Info.plist";
				LD_RUNPATH_SEARCH_PATHS = (
					"$(inherited)",
					"@executable_path/Frameworks",
					"@loader_path/Frameworks",
				);
				PRODUCT_BUNDLE_IDENTIFIER = "candreva.desafios-iddogUITests";
				PRODUCT_NAME = "$(TARGET_NAME)";
				SWIFT_VERSION = 4.2;
				TARGETED_DEVICE_FAMILY = "1,2";
				TEST_TARGET_NAME = "desafios-iddog";
			};
			name = Release;
		};
/* End XCBuildConfiguration section */

/* Begin XCConfigurationList section */
		145211232311DDCB007843E1 /* Build configuration list for PBXProject "desafios-iddog" */ = {
			isa = XCConfigurationList;
			buildConfigurations = (
				1452114E2311DDCE007843E1 /* Debug */,
				1452114F2311DDCE007843E1 /* Release */,
			);
			defaultConfigurationIsVisible = 0;
			defaultConfigurationName = Release;
		};
		145211502311DDCE007843E1 /* Build configuration list for PBXNativeTarget "desafios-iddog" */ = {
			isa = XCConfigurationList;
			buildConfigurations = (
				145211512311DDCE007843E1 /* Debug */,
				145211522311DDCE007843E1 /* Release */,
			);
			defaultConfigurationIsVisible = 0;
			defaultConfigurationName = Release;
		};
		145211532311DDCE007843E1 /* Build configuration list for PBXNativeTarget "desafios-iddogTests" */ = {
			isa = XCConfigurationList;
			buildConfigurations = (
				145211542311DDCE007843E1 /* Debug */,
				145211552311DDCE007843E1 /* Release */,
			);
			defaultConfigurationIsVisible = 0;
			defaultConfigurationName = Release;
		};
		145211562311DDCE007843E1 /* Build configuration list for PBXNativeTarget "desafios-iddogUITests" */ = {
			isa = XCConfigurationList;
			buildConfigurations = (
				145211572311DDCE007843E1 /* Debug */,
				145211582311DDCE007843E1 /* Release */,
			);
			defaultConfigurationIsVisible = 0;
			defaultConfigurationName = Release;
		};
/* End XCConfigurationList section */
	};
	rootObject = 145211202311DDCB007843E1 /* Project object */;
}
