// !$*UTF8*$!
{
	archiveVersion = 1;
	classes = {
	};
	objectVersion = 51;
	objects = {

/* Begin PBXBuildFile section */
		1452112C2311DDCB007843E1 /* AppDelegate.swift in Sources */ = {isa = PBXBuildFile; fileRef = 1452112B2311DDCB007843E1 /* AppDelegate.swift */; };
		1452112E2311DDCB007843E1 /* ViewController.swift in Sources */ = {isa = PBXBuildFile; fileRef = 1452112D2311DDCB007843E1 /* ViewController.swift */; };
		145211312311DDCB007843E1 /* Main.storyboard in Resources */ = {isa = PBXBuildFile; fileRef = 1452112F2311DDCB007843E1 /* Main.storyboard */; };
		145211332311DDCE007843E1 /* Assets.xcassets in Resources */ = {isa = PBXBuildFile; fileRef = 145211322311DDCE007843E1 /* Assets.xcassets */; };
		145211362311DDCE007843E1 /* LaunchScreen.storyboard in Resources */ = {isa = PBXBuildFile; fileRef = 145211342311DDCE007843E1 /* LaunchScreen.storyboard */; };
		145211412311DDCE007843E1 /* desafios_iddogTests.swift in Sources */ = {isa = PBXBuildFile; fileRef = 145211402311DDCE007843E1 /* desafios_iddogTests.swift */; };
		1452114C2311DDCE007843E1 /* desafios_iddogUITests.swift in Sources */ = {isa = PBXBuildFile; fileRef = 1452114B2311DDCE007843E1 /* desafios_iddogUITests.swift */; };
		145211602311F1E0007843E1 /* LoginView.xib in Resources */ = {isa = PBXBuildFile; fileRef = 1452115F2311F1E0007843E1 /* LoginView.xib */; };
		14521162231203FC007843E1 /* LoginViewModel.swift in Sources */ = {isa = PBXBuildFile; fileRef = 14521161231203FC007843E1 /* LoginViewModel.swift */; };
		1452116623121548007843E1 /* ApiRouter.swift in Sources */ = {isa = PBXBuildFile; fileRef = 1452116523121548007843E1 /* ApiRouter.swift */; };
		14521169231218A8007843E1 /* LoginViewController.swift in Sources */ = {isa = PBXBuildFile; fileRef = 14521168231218A8007843E1 /* LoginViewController.swift */; };
		1452116B23121ADB007843E1 /* LoginViewModelable.swift in Sources */ = {isa = PBXBuildFile; fileRef = 1452116A23121ADB007843E1 /* LoginViewModelable.swift */; };
		9DA4BB9AF525D99498BC023D /* Pods_desafios_iddog.framework in Frameworks */ = {isa = PBXBuildFile; fileRef = C5D44B9A4FA06D5A5F5E6629 /* Pods_desafios_iddog.framework */; };
/* End PBXBuildFile section */

/* Begin PBXContainerItemProxy section */
		1452113D2311DDCE007843E1 /* PBXContainerItemProxy */ = {
			isa = PBXContainerItemProxy;
			containerPortal = 145211202311DDCB007843E1 /* Project object */;
			proxyType = 1;
			remoteGlobalIDString = 145211272311DDCB007843E1;
			remoteInfo = "desafios-iddog";
		};
		145211482311DDCE007843E1 /* PBXContainerItemProxy */ = {
			isa = PBXContainerItemProxy;
			containerPortal = 145211202311DDCB007843E1 /* Project object */;
			proxyType = 1;
			remoteGlobalIDString = 145211272311DDCB007843E1;
			remoteInfo = "desafios-iddog";
		};
/* End PBXContainerItemProxy section */

/* Begin PBXFileReference section */
		050DBFD225449A7D1A520BE3 /* Pods-desafios-iddog.debug.xcconfig */ = {isa = PBXFileReference; includeInIndex = 1; lastKnownFileType = text.xcconfig; name = "Pods-desafios-iddog.debug.xcconfig"; path = "Target Support Files/Pods-desafios-iddog/Pods-desafios-iddog.debug.xcconfig"; sourceTree = "<group>"; };
		145211282311DDCB007843E1 /* desafios-iddog.app */ = {isa = PBXFileReference; explicitFileType = wrapper.application; includeInIndex = 0; path = "desafios-iddog.app"; sourceTree = BUILT_PRODUCTS_DIR; };
		1452112B2311DDCB007843E1 /* AppDelegate.swift */ = {isa = PBXFileReference; lastKnownFileType = sourcecode.swift; path = AppDelegate.swift; sourceTree = "<group>"; };
		1452112D2311DDCB007843E1 /* ViewController.swift */ = {isa = PBXFileReference; lastKnownFileType = sourcecode.swift; path = ViewController.swift; sourceTree = "<group>"; };
		145211302311DDCB007843E1 /* Base */ = {isa = PBXFileReference; lastKnownFileType = file.storyboard; name = Base; path = Base.lproj/Main.storyboard; sourceTree = "<group>"; };
		145211322311DDCE007843E1 /* Assets.xcassets */ = {isa = PBXFileReference; lastKnownFileType = folder.assetcatalog; path = Assets.xcassets; sourceTree = "<group>"; };
		145211352311DDCE007843E1 /* Base */ = {isa = PBXFileReference; lastKnownFileType = file.storyboard; name = Base; path = Base.lproj/LaunchScreen.storyboard; sourceTree = "<group>"; };
		145211372311DDCE007843E1 /* Info.plist */ = {isa = PBXFileReference; lastKnownFileType = text.plist.xml; path = Info.plist; sourceTree = "<group>"; };
		1452113C2311DDCE007843E1 /* desafios-iddogTests.xctest */ = {isa = PBXFileReference; explicitFileType = wrapper.cfbundle; includeInIndex = 0; path = "desafios-iddogTests.xctest"; sourceTree = BUILT_PRODUCTS_DIR; };
		145211402311DDCE007843E1 /* desafios_iddogTests.swift */ = {isa = PBXFileReference; lastKnownFileType = sourcecode.swift; path = desafios_iddogTests.swift; sourceTree = "<group>"; };
		145211422311DDCE007843E1 /* Info.plist */ = {isa = PBXFileReference; lastKnownFileType = text.plist.xml; path = Info.plist; sourceTree = "<group>"; };
		145211472311DDCE007843E1 /* desafios-iddogUITests.xctest */ = {isa = PBXFileReference; explicitFileType = wrapper.cfbundle; includeInIndex = 0; path = "desafios-iddogUITests.xctest"; sourceTree = BUILT_PRODUCTS_DIR; };
		1452114B2311DDCE007843E1 /* desafios_iddogUITests.swift */ = {isa = PBXFileReference; lastKnownFileType = sourcecode.swift; path = desafios_iddogUITests.swift; sourceTree = "<group>"; };
		1452114D2311DDCE007843E1 /* Info.plist */ = {isa = PBXFileReference; lastKnownFileType = text.plist.xml; path = Info.plist; sourceTree = "<group>"; };
		1452115F2311F1E0007843E1 /* LoginView.xib */ = {isa = PBXFileReference; lastKnownFileType = file.xib; path = LoginView.xib; sourceTree = "<group>"; };
		14521161231203FC007843E1 /* LoginViewModel.swift */ = {isa = PBXFileReference; lastKnownFileType = sourcecode.swift; path = LoginViewModel.swift; sourceTree = "<group>"; };
		1452116523121548007843E1 /* ApiRouter.swift */ = {isa = PBXFileReference; lastKnownFileType = sourcecode.swift; path = ApiRouter.swift; sourceTree = "<group>"; };
		14521168231218A8007843E1 /* LoginViewController.swift */ = {isa = PBXFileReference; lastKnownFileType = sourcecode.swift; path = LoginViewController.swift; sourceTree = "<group>"; };
		1452116A23121ADB007843E1 /* LoginViewModelable.swift */ = {isa = PBXFileReference; lastKnownFileType = sourcecode.swift; path = LoginViewModelable.swift; sourceTree = "<group>"; };
		221F09696AA0E99DC519B1DE /* Pods-desafios-iddog.release.xcconfig */ = {isa = PBXFileReference; includeInIndex = 1; lastKnownFileType = text.xcconfig; name = "Pods-desafios-iddog.release.xcconfig"; path = "Target Support Files/Pods-desafios-iddog/Pods-desafios-iddog.release.xcconfig"; sourceTree = "<group>"; };
		C5D44B9A4FA06D5A5F5E6629 /* Pods_desafios_iddog.framework */ = {isa = PBXFileReference; explicitFileType = wrapper.framework; includeInIndex = 0; path = Pods_desafios_iddog.framework; sourceTree = BUILT_PRODUCTS_DIR; };
/* End PBXFileReference section */

/* Begin PBXFrameworksBuildPhase section */
		145211252311DDCB007843E1 /* Frameworks */ = {
			isa = PBXFrameworksBuildPhase;
			buildActionMask = 2147483647;
			files = (
				9DA4BB9AF525D99498BC023D /* Pods_desafios_iddog.framework in Frameworks */,
			);
			runOnlyForDeploymentPostprocessing = 0;
		};
		145211392311DDCE007843E1 /* Frameworks */ = {
			isa = PBXFrameworksBuildPhase;
			buildActionMask = 2147483647;
			files = (
			);
			runOnlyForDeploymentPostprocessing = 0;
		};
		145211442311DDCE007843E1 /* Frameworks */ = {
			isa = PBXFrameworksBuildPhase;
			buildActionMask = 2147483647;
			files = (
			);
			runOnlyForDeploymentPostprocessing = 0;
		};
/* End PBXFrameworksBuildPhase section */

/* Begin PBXGroup section */
		1452111F2311DDCB007843E1 = {
			isa = PBXGroup;
			children = (
				1452112A2311DDCB007843E1 /* desafios-iddog */,
				1452113F2311DDCE007843E1 /* desafios-iddogTests */,
				1452114A2311DDCE007843E1 /* desafios-iddogUITests */,
				145211292311DDCB007843E1 /* Products */,
				3D6AA1765D35E2E39E10F4A0 /* Pods */,
				FA5BB6AC983C015D2E7F1EB7 /* Frameworks */,
			);
			sourceTree = "<group>";
		};
		145211292311DDCB007843E1 /* Products */ = {
			isa = PBXGroup;
			children = (
				145211282311DDCB007843E1 /* desafios-iddog.app */,
				1452113C2311DDCE007843E1 /* desafios-iddogTests.xctest */,
				145211472311DDCE007843E1 /* desafios-iddogUITests.xctest */,
			);
			name = Products;
			sourceTree = "<group>";
		};
		1452112A2311DDCB007843E1 /* desafios-iddog */ = {
			isa = PBXGroup;
			children = (
				14521164231214BD007843E1 /* Services */,
				145211592311DEAE007843E1 /* AppDelegate */,
				1452115A2311DEC1007843E1 /* Controllers */,
				1452115B2311DECF007843E1 /* Resources */,
				1452115C2311DED7007843E1 /* ViewModels */,
				1452115D2311DEE0007843E1 /* Views */,
				145211372311DDCE007843E1 /* Info.plist */,
			);
			path = "desafios-iddog";
			sourceTree = "<group>";
		};
		1452113F2311DDCE007843E1 /* desafios-iddogTests */ = {
			isa = PBXGroup;
			children = (
				145211402311DDCE007843E1 /* desafios_iddogTests.swift */,
				145211422311DDCE007843E1 /* Info.plist */,
			);
			path = "desafios-iddogTests";
			sourceTree = "<group>";
		};
		1452114A2311DDCE007843E1 /* desafios-iddogUITests */ = {
			isa = PBXGroup;
			children = (
				1452114B2311DDCE007843E1 /* desafios_iddogUITests.swift */,
				1452114D2311DDCE007843E1 /* Info.plist */,
			);
			path = "desafios-iddogUITests";
			sourceTree = "<group>";
		};
		145211592311DEAE007843E1 /* AppDelegate */ = {
			isa = PBXGroup;
			children = (
				1452112B2311DDCB007843E1 /* AppDelegate.swift */,
			);
			path = AppDelegate;
			sourceTree = "<group>";
		};
		1452115A2311DEC1007843E1 /* Controllers */ = {
			isa = PBXGroup;
			children = (
				145211672312189B007843E1 /* Login */,
				1452112D2311DDCB007843E1 /* ViewController.swift */,
			);
			path = Controllers;
			sourceTree = "<group>";
		};
		1452115B2311DECF007843E1 /* Resources */ = {
			isa = PBXGroup;
			children = (
				145211322311DDCE007843E1 /* Assets.xcassets */,
			);
			path = Resources;
			sourceTree = "<group>";
		};
		1452115C2311DED7007843E1 /* ViewModels */ = {
			isa = PBXGroup;
			children = (
				14521163231205DB007843E1 /* Login */,
			);
			path = ViewModels;
			sourceTree = "<group>";
		};
		1452115D2311DEE0007843E1 /* Views */ = {
			isa = PBXGroup;
			children = (
				1452115E2311F1CD007843E1 /* Login */,
				1452112F2311DDCB007843E1 /* Main.storyboard */,
				145211342311DDCE007843E1 /* LaunchScreen.storyboard */,
			);
			path = Views;
			sourceTree = "<group>";
		};
		1452115E2311F1CD007843E1 /* Login */ = {
			isa = PBXGroup;
			children = (
				1452115F2311F1E0007843E1 /* LoginView.xib */,
			);
			path = Login;
			sourceTree = "<group>";
		};
		14521163231205DB007843E1 /* Login */ = {
			isa = PBXGroup;
			children = (
				14521161231203FC007843E1 /* LoginViewModel.swift */,
				1452116A23121ADB007843E1 /* LoginViewModelable.swift */,
			);
			path = Login;
			sourceTree = "<group>";
		};
		14521164231214BD007843E1 /* Services */ = {
			isa = PBXGroup;
			children = (
				1452116523121548007843E1 /* ApiRouter.swift */,
			);
			path = Services;
			sourceTree = "<group>";
		};
		145211672312189B007843E1 /* Login */ = {
			isa = PBXGroup;
			children = (
				14521168231218A8007843E1 /* LoginViewController.swift */,
			);
			path = Login;
			sourceTree = "<group>";
		};
		3D6AA1765D35E2E39E10F4A0 /* Pods */ = {
			isa = PBXGroup;
			children = (
				050DBFD225449A7D1A520BE3 /* Pods-desafios-iddog.debug.xcconfig */,
				221F09696AA0E99DC519B1DE /* Pods-desafios-iddog.release.xcconfig */,
			);
			path = Pods;
			sourceTree = "<group>";
		};
		FA5BB6AC983C015D2E7F1EB7 /* Frameworks */ = {
			isa = PBXGroup;
			children = (
				C5D44B9A4FA06D5A5F5E6629 /* Pods_desafios_iddog.framework */,
			);
			name = Frameworks;
			sourceTree = "<group>";
		};
/* End PBXGroup section */

/* Begin PBXNativeTarget section */
		145211272311DDCB007843E1 /* desafios-iddog */ = {
			isa = PBXNativeTarget;
			buildConfigurationList = 145211502311DDCE007843E1 /* Build configuration list for PBXNativeTarget "desafios-iddog" */;
			buildPhases = (
				1F60EF26D238D1115B126B5E /* [CP] Check Pods Manifest.lock */,
				145211242311DDCB007843E1 /* Sources */,
				145211252311DDCB007843E1 /* Frameworks */,
				145211262311DDCB007843E1 /* Resources */,
				F3216FD66A2ACE8BF1879D0F /* [CP] Embed Pods Frameworks */,
			);
			buildRules = (
			);
			dependencies = (
			);
			name = "desafios-iddog";
			productName = "desafios-iddog";
			productReference = 145211282311DDCB007843E1 /* desafios-iddog.app */;
			productType = "com.apple.product-type.application";
		};
		1452113B2311DDCE007843E1 /* desafios-iddogTests */ = {
			isa = PBXNativeTarget;
			buildConfigurationList = 145211532311DDCE007843E1 /* Build configuration list for PBXNativeTarget "desafios-iddogTests" */;
			buildPhases = (
				145211382311DDCE007843E1 /* Sources */,
				145211392311DDCE007843E1 /* Frameworks */,
				1452113A2311DDCE007843E1 /* Resources */,
			);
			buildRules = (
			);
			dependencies = (
				1452113E2311DDCE007843E1 /* PBXTargetDependency */,
			);
			name = "desafios-iddogTests";
			productName = "desafios-iddogTests";
			productReference = 1452113C2311DDCE007843E1 /* desafios-iddogTests.xctest */;
			productType = "com.apple.product-type.bundle.unit-test";
		};
		145211462311DDCE007843E1 /* desafios-iddogUITests */ = {
			isa = PBXNativeTarget;
			buildConfigurationList = 145211562311DDCE007843E1 /* Build configuration list for PBXNativeTarget "desafios-iddogUITests" */;
			buildPhases = (
				145211432311DDCE007843E1 /* Sources */,
				145211442311DDCE007843E1 /* Frameworks */,
				145211452311DDCE007843E1 /* Resources */,
			);
			buildRules = (
			);
			dependencies = (
				145211492311DDCE007843E1 /* PBXTargetDependency */,
			);
			name = "desafios-iddogUITests";
			productName = "desafios-iddogUITests";
			productReference = 145211472311DDCE007843E1 /* desafios-iddogUITests.xctest */;
			productType = "com.apple.product-type.bundle.ui-testing";
		};
/* End PBXNativeTarget section */

/* Begin PBXProject section */
		145211202311DDCB007843E1 /* Project object */ = {
			isa = PBXProject;
			attributes = {
				LastSwiftUpdateCheck = 1020;
				LastUpgradeCheck = 1020;
				ORGANIZATIONNAME = "Carlos Alberto Mota Candreva";
				TargetAttributes = {
					145211272311DDCB007843E1 = {
						CreatedOnToolsVersion = 10.2.1;
					};
					1452113B2311DDCE007843E1 = {
						CreatedOnToolsVersion = 10.2.1;
						TestTargetID = 145211272311DDCB007843E1;
					};
					145211462311DDCE007843E1 = {
						CreatedOnToolsVersion = 10.2.1;
						TestTargetID = 145211272311DDCB007843E1;
					};
				};
			};
			buildConfigurationList = 145211232311DDCB007843E1 /* Build configuration list for PBXProject "desafios-iddog" */;
			compatibilityVersion = "Xcode 9.3";
			developmentRegion = en;
			hasScannedForEncodings = 0;
			knownRegions = (
				en,
				Base,
			);
			mainGroup = 1452111F2311DDCB007843E1;
			productRefGroup = 145211292311DDCB007843E1 /* Products */;
			projectDirPath = "";
			projectRoot = "";
			targets = (
				145211272311DDCB007843E1 /* desafios-iddog */,
				1452113B2311DDCE007843E1 /* desafios-iddogTests */,
				145211462311DDCE007843E1 /* desafios-iddogUITests */,
			);
		};
/* End PBXProject section */

/* Begin PBXResourcesBuildPhase section */
		145211262311DDCB007843E1 /* Resources */ = {
			isa = PBXResourcesBuildPhase;
			buildActionMask = 2147483647;
			files = (
				145211602311F1E0007843E1 /* LoginView.xib in Resources */,
				145211362311DDCE007843E1 /* LaunchScreen.storyboard in Resources */,
				145211332311DDCE007843E1 /* Assets.xcassets in Resources */,
				145211312311DDCB007843E1 /* Main.storyboard in Resources */,
			);
			runOnlyForDeploymentPostprocessing = 0;
		};
		1452113A2311DDCE007843E1 /* Resources */ = {
			isa = PBXResourcesBuildPhase;
			buildActionMask = 2147483647;
			files = (
			);
			runOnlyForDeploymentPostprocessing = 0;
		};
		145211452311DDCE007843E1 /* Resources */ = {
			isa = PBXResourcesBuildPhase;
			buildActionMask = 2147483647;
			files = (
			);
			runOnlyForDeploymentPostprocessing = 0;
		};
/* End PBXResourcesBuildPhase section */

/* Begin PBXShellScriptBuildPhase section */
		1F60EF26D238D1115B126B5E /* [CP] Check Pods Manifest.lock */ = {
			isa = PBXShellScriptBuildPhase;
			buildActionMask = 2147483647;
			files = (
			);
			inputFileListPaths = (
			);
			inputPaths = (
				"${PODS_PODFILE_DIR_PATH}/Podfile.lock",
				"${PODS_ROOT}/Manifest.lock",
			);
			name = "[CP] Check Pods Manifest.lock";
			outputFileListPaths = (
			);
			outputPaths = (
				"$(DERIVED_FILE_DIR)/Pods-desafios-iddog-checkManifestLockResult.txt",
			);
			runOnlyForDeploymentPostprocessing = 0;
			shellPath = /bin/sh;
			shellScript = "diff \"${PODS_PODFILE_DIR_PATH}/Podfile.lock\" \"${PODS_ROOT}/Manifest.lock\" > /dev/null\nif [ $? != 0 ] ; then\n    # print error to STDERR\n    echo \"error: The sandbox is not in sync with the Podfile.lock. Run 'pod install' or update your CocoaPods installation.\" >&2\n    exit 1\nfi\n# This output is used by Xcode 'outputs' to avoid re-running this script phase.\necho \"SUCCESS\" > \"${SCRIPT_OUTPUT_FILE_0}\"\n";
			showEnvVarsInLog = 0;
		};
		F3216FD66A2ACE8BF1879D0F /* [CP] Embed Pods Frameworks */ = {
			isa = PBXShellScriptBuildPhase;
			buildActionMask = 2147483647;
			files = (
			);
			inputFileListPaths = (
				"${PODS_ROOT}/Target Support Files/Pods-desafios-iddog/Pods-desafios-iddog-frameworks-${CONFIGURATION}-input-files.xcfilelist",
			);
			name = "[CP] Embed Pods Frameworks";
			outputFileListPaths = (
				"${PODS_ROOT}/Target Support Files/Pods-desafios-iddog/Pods-desafios-iddog-frameworks-${CONFIGURATION}-output-files.xcfilelist",
			);
			runOnlyForDeploymentPostprocessing = 0;
			shellPath = /bin/sh;
			shellScript = "\"${PODS_ROOT}/Target Support Files/Pods-desafios-iddog/Pods-desafios-iddog-frameworks.sh\"\n";
			showEnvVarsInLog = 0;
		};
/* End PBXShellScriptBuildPhase section */

/* Begin PBXSourcesBuildPhase section */
		145211242311DDCB007843E1 /* Sources */ = {
			isa = PBXSourcesBuildPhase;
			buildActionMask = 2147483647;
			files = (
				1452116B23121ADB007843E1 /* LoginViewModelable.swift in Sources */,
				1452112E2311DDCB007843E1 /* ViewController.swift in Sources */,
				1452112C2311DDCB007843E1 /* AppDelegate.swift in Sources */,
				14521162231203FC007843E1 /* LoginViewModel.swift in Sources */,
				14521169231218A8007843E1 /* LoginViewController.swift in Sources */,
				1452116623121548007843E1 /* ApiRouter.swift in Sources */,
			);
			runOnlyForDeploymentPostprocessing = 0;
		};
		145211382311DDCE007843E1 /* Sources */ = {
			isa = PBXSourcesBuildPhase;
			buildActionMask = 2147483647;
			files = (
				145211412311DDCE007843E1 /* desafios_iddogTests.swift in Sources */,
			);
			runOnlyForDeploymentPostprocessing = 0;
		};
		145211432311DDCE007843E1 /* Sources */ = {
			isa = PBXSourcesBuildPhase;
			buildActionMask = 2147483647;
			files = (
				1452114C2311DDCE007843E1 /* desafios_iddogUITests.swift in Sources */,
			);
			runOnlyForDeploymentPostprocessing = 0;
		};
/* End PBXSourcesBuildPhase section */

/* Begin PBXTargetDependency section */
		1452113E2311DDCE007843E1 /* PBXTargetDependency */ = {
			isa = PBXTargetDependency;
			target = 145211272311DDCB007843E1 /* desafios-iddog */;
			targetProxy = 1452113D2311DDCE007843E1 /* PBXContainerItemProxy */;
		};
		145211492311DDCE007843E1 /* PBXTargetDependency */ = {
			isa = PBXTargetDependency;
			target = 145211272311DDCB007843E1 /* desafios-iddog */;
			targetProxy = 145211482311DDCE007843E1 /* PBXContainerItemProxy */;
		};
/* End PBXTargetDependency section */

/* Begin PBXVariantGroup section */
		1452112F2311DDCB007843E1 /* Main.storyboard */ = {
			isa = PBXVariantGroup;
			children = (
				145211302311DDCB007843E1 /* Base */,
			);
			name = Main.storyboard;
			sourceTree = "<group>";
		};
		145211342311DDCE007843E1 /* LaunchScreen.storyboard */ = {
			isa = PBXVariantGroup;
			children = (
				145211352311DDCE007843E1 /* Base */,
			);
			name = LaunchScreen.storyboard;
			sourceTree = "<group>";
		};
/* End PBXVariantGroup section */

/* Begin XCBuildConfiguration section */
		1452114E2311DDCE007843E1 /* Debug */ = {
			isa = XCBuildConfiguration;
			buildSettings = {
				ALWAYS_SEARCH_USER_PATHS = NO;
				CLANG_ANALYZER_NONNULL = YES;
				CLANG_ANALYZER_NUMBER_OBJECT_CONVERSION = YES_AGGRESSIVE;
				CLANG_CXX_LANGUAGE_STANDARD = "gnu++14";
				CLANG_CXX_LIBRARY = "libc++";
				CLANG_ENABLE_MODULES = YES;
				CLANG_ENABLE_OBJC_ARC = YES;
				CLANG_ENABLE_OBJC_WEAK = YES;
				CLANG_WARN_BLOCK_CAPTURE_AUTORELEASING = YES;
				CLANG_WARN_BOOL_CONVERSION = YES;
				CLANG_WARN_COMMA = YES;
				CLANG_WARN_CONSTANT_CONVERSION = YES;
				CLANG_WARN_DEPRECATED_OBJC_IMPLEMENTATIONS = YES;
				CLANG_WARN_DIRECT_OBJC_ISA_USAGE = YES_ERROR;
				CLANG_WARN_DOCUMENTATION_COMMENTS = YES;
				CLANG_WARN_EMPTY_BODY = YES;
				CLANG_WARN_ENUM_CONVERSION = YES;
				CLANG_WARN_INFINITE_RECURSION = YES;
				CLANG_WARN_INT_CONVERSION = YES;
				CLANG_WARN_NON_LITERAL_NULL_CONVERSION = YES;
				CLANG_WARN_OBJC_IMPLICIT_RETAIN_SELF = YES;
				CLANG_WARN_OBJC_LITERAL_CONVERSION = YES;
				CLANG_WARN_OBJC_ROOT_CLASS = YES_ERROR;
				CLANG_WARN_RANGE_LOOP_ANALYSIS = YES;
				CLANG_WARN_STRICT_PROTOTYPES = YES;
				CLANG_WARN_SUSPICIOUS_MOVE = YES;
				CLANG_WARN_UNGUARDED_AVAILABILITY = YES_AGGRESSIVE;
				CLANG_WARN_UNREACHABLE_CODE = YES;
				CLANG_WARN__DUPLICATE_METHOD_MATCH = YES;
				CODE_SIGN_IDENTITY = "iPhone Developer";
				COPY_PHASE_STRIP = NO;
				DEBUG_INFORMATION_FORMAT = dwarf;
				ENABLE_STRICT_OBJC_MSGSEND = YES;
				ENABLE_TESTABILITY = YES;
				GCC_C_LANGUAGE_STANDARD = gnu11;
				GCC_DYNAMIC_NO_PIC = NO;
				GCC_NO_COMMON_BLOCKS = YES;
				GCC_OPTIMIZATION_LEVEL = 0;
				GCC_PREPROCESSOR_DEFINITIONS = (
					"DEBUG=1",
					"$(inherited)",
				);
				GCC_WARN_64_TO_32_BIT_CONVERSION = YES;
				GCC_WARN_ABOUT_RETURN_TYPE = YES_ERROR;
				GCC_WARN_UNDECLARED_SELECTOR = YES;
				GCC_WARN_UNINITIALIZED_AUTOS = YES_AGGRESSIVE;
				GCC_WARN_UNUSED_FUNCTION = YES;
				GCC_WARN_UNUSED_VARIABLE = YES;
				IPHONEOS_DEPLOYMENT_TARGET = 12.2;
				MTL_ENABLE_DEBUG_INFO = INCLUDE_SOURCE;
				MTL_FAST_MATH = YES;
				ONLY_ACTIVE_ARCH = YES;
				SDKROOT = iphoneos;
				SWIFT_ACTIVE_COMPILATION_CONDITIONS = DEBUG;
				SWIFT_OPTIMIZATION_LEVEL = "-Onone";
			};
			name = Debug;
		};
		1452114F2311DDCE007843E1 /* Release */ = {
			isa = XCBuildConfiguration;
			buildSettings = {
				ALWAYS_SEARCH_USER_PATHS = NO;
				CLANG_ANALYZER_NONNULL = YES;
				CLANG_ANALYZER_NUMBER_OBJECT_CONVERSION = YES_AGGRESSIVE;
				CLANG_CXX_LANGUAGE_STANDARD = "gnu++14";
				CLANG_CXX_LIBRARY = "libc++";
				CLANG_ENABLE_MODULES = YES;
				CLANG_ENABLE_OBJC_ARC = YES;
				CLANG_ENABLE_OBJC_WEAK = YES;
				CLANG_WARN_BLOCK_CAPTURE_AUTORELEASING = YES;
				CLANG_WARN_BOOL_CONVERSION = YES;
				CLANG_WARN_COMMA = YES;
				CLANG_WARN_CONSTANT_CONVERSION = YES;
				CLANG_WARN_DEPRECATED_OBJC_IMPLEMENTATIONS = YES;
				CLANG_WARN_DIRECT_OBJC_ISA_USAGE = YES_ERROR;
				CLANG_WARN_DOCUMENTATION_COMMENTS = YES;
				CLANG_WARN_EMPTY_BODY = YES;
				CLANG_WARN_ENUM_CONVERSION = YES;
				CLANG_WARN_INFINITE_RECURSION = YES;
				CLANG_WARN_INT_CONVERSION = YES;
				CLANG_WARN_NON_LITERAL_NULL_CONVERSION = YES;
				CLANG_WARN_OBJC_IMPLICIT_RETAIN_SELF = YES;
				CLANG_WARN_OBJC_LITERAL_CONVERSION = YES;
				CLANG_WARN_OBJC_ROOT_CLASS = YES_ERROR;
				CLANG_WARN_RANGE_LOOP_ANALYSIS = YES;
				CLANG_WARN_STRICT_PROTOTYPES = YES;
				CLANG_WARN_SUSPICIOUS_MOVE = YES;
				CLANG_WARN_UNGUARDED_AVAILABILITY = YES_AGGRESSIVE;
				CLANG_WARN_UNREACHABLE_CODE = YES;
				CLANG_WARN__DUPLICATE_METHOD_MATCH = YES;
				CODE_SIGN_IDENTITY = "iPhone Developer";
				COPY_PHASE_STRIP = NO;
				DEBUG_INFORMATION_FORMAT = "dwarf-with-dsym";
				ENABLE_NS_ASSERTIONS = NO;
				ENABLE_STRICT_OBJC_MSGSEND = YES;
				GCC_C_LANGUAGE_STANDARD = gnu11;
				GCC_NO_COMMON_BLOCKS = YES;
				GCC_WARN_64_TO_32_BIT_CONVERSION = YES;
				GCC_WARN_ABOUT_RETURN_TYPE = YES_ERROR;
				GCC_WARN_UNDECLARED_SELECTOR = YES;
				GCC_WARN_UNINITIALIZED_AUTOS = YES_AGGRESSIVE;
				GCC_WARN_UNUSED_FUNCTION = YES;
				GCC_WARN_UNUSED_VARIABLE = YES;
				IPHONEOS_DEPLOYMENT_TARGET = 12.2;
				MTL_ENABLE_DEBUG_INFO = NO;
				MTL_FAST_MATH = YES;
				SDKROOT = iphoneos;
				SWIFT_COMPILATION_MODE = wholemodule;
				SWIFT_OPTIMIZATION_LEVEL = "-O";
				VALIDATE_PRODUCT = YES;
			};
			name = Release;
		};
		145211512311DDCE007843E1 /* Debug */ = {
			isa = XCBuildConfiguration;
			baseConfigurationReference = 050DBFD225449A7D1A520BE3 /* Pods-desafios-iddog.debug.xcconfig */;
			buildSettings = {
				ASSETCATALOG_COMPILER_APPICON_NAME = AppIcon;
				CODE_SIGN_STYLE = Automatic;
				INFOPLIST_FILE = "desafios-iddog/Info.plist";
				LD_RUNPATH_SEARCH_PATHS = (
					"$(inherited)",
					"@executable_path/Frameworks",
				);
				PRODUCT_BUNDLE_IDENTIFIER = "candreva.desafios-iddog";
				PRODUCT_NAME = "$(TARGET_NAME)";
				SWIFT_VERSION = 5.0;
				TARGETED_DEVICE_FAMILY = "1,2";
			};
			name = Debug;
		};
		145211522311DDCE007843E1 /* Release */ = {
			isa = XCBuildConfiguration;
			baseConfigurationReference = 221F09696AA0E99DC519B1DE /* Pods-desafios-iddog.release.xcconfig */;
			buildSettings = {
				ASSETCATALOG_COMPILER_APPICON_NAME = AppIcon;
				CODE_SIGN_STYLE = Automatic;
				INFOPLIST_FILE = "desafios-iddog/Info.plist";
				LD_RUNPATH_SEARCH_PATHS = (
					"$(inherited)",
					"@executable_path/Frameworks",
				);
				PRODUCT_BUNDLE_IDENTIFIER = "candreva.desafios-iddog";
				PRODUCT_NAME = "$(TARGET_NAME)";
				SWIFT_VERSION = 5.0;
				TARGETED_DEVICE_FAMILY = "1,2";
			};
			name = Release;
		};
		145211542311DDCE007843E1 /* Debug */ = {
			isa = XCBuildConfiguration;
			buildSettings = {
				ALWAYS_EMBED_SWIFT_STANDARD_LIBRARIES = YES;
				BUNDLE_LOADER = "$(TEST_HOST)";
				CODE_SIGN_STYLE = Automatic;
				INFOPLIST_FILE = "desafios-iddogTests/Info.plist";
				LD_RUNPATH_SEARCH_PATHS = (
					"$(inherited)",
					"@executable_path/Frameworks",
					"@loader_path/Frameworks",
				);
				PRODUCT_BUNDLE_IDENTIFIER = "candreva.desafios-iddogTests";
				PRODUCT_NAME = "$(TARGET_NAME)";
				SWIFT_VERSION = 5.0;
				TARGETED_DEVICE_FAMILY = "1,2";
				TEST_HOST = "$(BUILT_PRODUCTS_DIR)/desafios-iddog.app/desafios-iddog";
			};
			name = Debug;
		};
		145211552311DDCE007843E1 /* Release */ = {
			isa = XCBuildConfiguration;
			buildSettings = {
				ALWAYS_EMBED_SWIFT_STANDARD_LIBRARIES = YES;
				BUNDLE_LOADER = "$(TEST_HOST)";
				CODE_SIGN_STYLE = Automatic;
				INFOPLIST_FILE = "desafios-iddogTests/Info.plist";
				LD_RUNPATH_SEARCH_PATHS = (
					"$(inherited)",
					"@executable_path/Frameworks",
					"@loader_path/Frameworks",
				);
				PRODUCT_BUNDLE_IDENTIFIER = "candreva.desafios-iddogTests";
				PRODUCT_NAME = "$(TARGET_NAME)";
				SWIFT_VERSION = 5.0;
				TARGETED_DEVICE_FAMILY = "1,2";
				TEST_HOST = "$(BUILT_PRODUCTS_DIR)/desafios-iddog.app/desafios-iddog";
			};
			name = Release;
		};
		145211572311DDCE007843E1 /* Debug */ = {
			isa = XCBuildConfiguration;
			buildSettings = {
				ALWAYS_EMBED_SWIFT_STANDARD_LIBRARIES = YES;
				CODE_SIGN_STYLE = Automatic;
				INFOPLIST_FILE = "desafios-iddogUITests/Info.plist";
				LD_RUNPATH_SEARCH_PATHS = (
					"$(inherited)",
					"@executable_path/Frameworks",
					"@loader_path/Frameworks",
				);
				PRODUCT_BUNDLE_IDENTIFIER = "candreva.desafios-iddogUITests";
				PRODUCT_NAME = "$(TARGET_NAME)";
				SWIFT_VERSION = 5.0;
				TARGETED_DEVICE_FAMILY = "1,2";
				TEST_TARGET_NAME = "desafios-iddog";
			};
			name = Debug;
		};
		145211582311DDCE007843E1 /* Release */ = {
			isa = XCBuildConfiguration;
			buildSettings = {
				ALWAYS_EMBED_SWIFT_STANDARD_LIBRARIES = YES;
				CODE_SIGN_STYLE = Automatic;
				INFOPLIST_FILE = "desafios-iddogUITests/Info.plist";
				LD_RUNPATH_SEARCH_PATHS = (
					"$(inherited)",
					"@executable_path/Frameworks",
					"@loader_path/Frameworks",
				);
				PRODUCT_BUNDLE_IDENTIFIER = "candreva.desafios-iddogUITests";
				PRODUCT_NAME = "$(TARGET_NAME)";
				SWIFT_VERSION = 5.0;
				TARGETED_DEVICE_FAMILY = "1,2";
				TEST_TARGET_NAME = "desafios-iddog";
			};
			name = Release;
		};
/* End XCBuildConfiguration section */

/* Begin XCConfigurationList section */
		145211232311DDCB007843E1 /* Build configuration list for PBXProject "desafios-iddog" */ = {
			isa = XCConfigurationList;
			buildConfigurations = (
				1452114E2311DDCE007843E1 /* Debug */,
				1452114F2311DDCE007843E1 /* Release */,
			);
			defaultConfigurationIsVisible = 0;
			defaultConfigurationName = Release;
		};
		145211502311DDCE007843E1 /* Build configuration list for PBXNativeTarget "desafios-iddog" */ = {
			isa = XCConfigurationList;
			buildConfigurations = (
				145211512311DDCE007843E1 /* Debug */,
				145211522311DDCE007843E1 /* Release */,
			);
			defaultConfigurationIsVisible = 0;
			defaultConfigurationName = Release;
		};
		145211532311DDCE007843E1 /* Build configuration list for PBXNativeTarget "desafios-iddogTests" */ = {
			isa = XCConfigurationList;
			buildConfigurations = (
				145211542311DDCE007843E1 /* Debug */,
				145211552311DDCE007843E1 /* Release */,
			);
			defaultConfigurationIsVisible = 0;
			defaultConfigurationName = Release;
		};
		145211562311DDCE007843E1 /* Build configuration list for PBXNativeTarget "desafios-iddogUITests" */ = {
			isa = XCConfigurationList;
			buildConfigurations = (
				145211572311DDCE007843E1 /* Debug */,
				145211582311DDCE007843E1 /* Release */,
			);
			defaultConfigurationIsVisible = 0;
			defaultConfigurationName = Release;
		};
/* End XCConfigurationList section */
	};
	rootObject = 145211202311DDCB007843E1 /* Project object */;
}
